// !$*UTF8*$!
{
	archiveVersion = 1;
	classes = {
	};
	objectVersion = 54;
	objects = {

/* Begin PBXAggregateTarget section */
		1D0CEB9696A824BD76546AB4 /* ZERO_CHECK */ = {
			isa = PBXAggregateTarget;
			buildConfigurationList = 5168D7D5032A406B9D286221 /* Build configuration list for PBXAggregateTarget "ZERO_CHECK" */;
			buildPhases = (
				E7F49DDD1B35AE9EDA5FB116 /* Generate CMakeFiles/ZERO_CHECK */,
			);
			dependencies = (
			);
			name = ZERO_CHECK;
			productName = ZERO_CHECK;
		};
		ED4B086FD160F3ED945CC29E /* ALL_BUILD */ = {
			isa = PBXAggregateTarget;
			buildConfigurationList = 8B24EB824C5C4328BDA78826 /* Build configuration list for PBXAggregateTarget "ALL_BUILD" */;
			buildPhases = (
				6E6BEFD8AC280299AB86012A /* Generate CMakeFiles/ALL_BUILD */,
			);
			dependencies = (
				14A155E88D0B4A6186158BCB /* PBXTargetDependency */,
				901FB3DB8CBD495FBE6944A0 /* PBXTargetDependency */,
				9E2D0AA191D342C399B164EF /* PBXTargetDependency */,
				C68798BA5DE443AA9A450B83 /* PBXTargetDependency */,
			);
			name = ALL_BUILD;
			productName = ALL_BUILD;
		};
		F6211E0DB70E27FB37F3F5C4 /* install */ = {
			isa = PBXAggregateTarget;
			buildConfigurationList = 2168354B05994B18BBFD92F5 /* Build configuration list for PBXAggregateTarget "install" */;
			buildPhases = (
				93426DA6A4AC2C2AC9CE883C /* CMake PostBuild Rules */,
			);
			dependencies = (
				136C9D8C8F734D79BDF5AB05 /* PBXTargetDependency */,
			);
			name = install;
			productName = install;
		};
/* End PBXAggregateTarget section */

/* Begin PBXBuildFile section */
		089471D08064427B98E50309 /* connection.cpp in Sources */ = {isa = PBXBuildFile; fileRef = 33D46F11D74C4810885F3A3E /* connection.cpp */; };
		104414B9725049BEB680D10C /* format.cc in Sources */ = {isa = PBXBuildFile; fileRef = 6A8F25854E144C36AC228804 /* format.cc */; };
		275A9C2C4283440DA419EDDD /* statement.cpp in Sources */ = {isa = PBXBuildFile; fileRef = 9C53C1316F7840D6BB9E66BB /* statement.cpp */; };
		2D81F8DC16E44F918CED21C7 /* os.cc in Sources */ = {isa = PBXBuildFile; fileRef = BA1FD66CF1884F40B35644DC /* os.cc */; };
		37CEF2AB823B4D38A1B8292E /* schema.cpp in Sources */ = {isa = PBXBuildFile; fileRef = 6941795EC6FC477E8C7ABEF4 /* schema.cpp */; };
		83A3F39E0727460492D1B431 /* sqlite3.c in Sources */ = {isa = PBXBuildFile; fileRef = 66C0E4229ADD4A9CAC862FE1 /* sqlite3.c */; };
/* End PBXBuildFile section */

/* Begin PBXContainerItemProxy section */
		2FBF74505B8D4DA598BBDF8D /* PBXContainerItemProxy */ = {
			isa = PBXContainerItemProxy;
			containerPortal = 5A660AF3CB624A4D8824E829 /* Project object */;
			proxyType = 1;
			remoteGlobalIDString = 1D0CEB9696A824BD76546AB4;
			remoteInfo = ZERO_CHECK;
		};
		6A733EC1337040E6A993BE8D /* PBXContainerItemProxy */ = {
			isa = PBXContainerItemProxy;
			containerPortal = 5A660AF3CB624A4D8824E829 /* Project object */;
			proxyType = 1;
			remoteGlobalIDString = 034F8AC5A2240DAF72ED2FCE;
			remoteInfo = SQLite3;
		};
		6BD550A2EBD5458BAC7BD890 /* PBXContainerItemProxy */ = {
			isa = PBXContainerItemProxy;
			containerPortal = 5A660AF3CB624A4D8824E829 /* Project object */;
			proxyType = 1;
			remoteGlobalIDString = 1D0CEB9696A824BD76546AB4;
			remoteInfo = ZERO_CHECK;
		};
		74975436FFFE4C2DB4822BE3 /* PBXContainerItemProxy */ = {
			isa = PBXContainerItemProxy;
			containerPortal = 5A660AF3CB624A4D8824E829 /* Project object */;
			proxyType = 1;
			remoteGlobalIDString = 034F8AC5A2240DAF72ED2FCE;
			remoteInfo = SQLite3;
		};
		8759A26BB9024585AE60D174 /* PBXContainerItemProxy */ = {
			isa = PBXContainerItemProxy;
			containerPortal = 5A660AF3CB624A4D8824E829 /* Project object */;
			proxyType = 1;
			remoteGlobalIDString = AD02BFA0976CA7776A859C69;
			remoteInfo = fmt;
		};
		90B3133360914529B3A7ECD7 /* PBXContainerItemProxy */ = {
			isa = PBXContainerItemProxy;
			containerPortal = 5A660AF3CB624A4D8824E829 /* Project object */;
			proxyType = 1;
			remoteGlobalIDString = AD02BFA0976CA7776A859C69;
			remoteInfo = fmt;
		};
		A6999D9BFFDC4BB98D829EF9 /* PBXContainerItemProxy */ = {
			isa = PBXContainerItemProxy;
			containerPortal = 5A660AF3CB624A4D8824E829 /* Project object */;
			proxyType = 1;
			remoteGlobalIDString = F37560BB9145231E585DC411;
			remoteInfo = orm;
		};
		F4A6D9393DDE427E85CD3EB0 /* PBXContainerItemProxy */ = {
			isa = PBXContainerItemProxy;
			containerPortal = 5A660AF3CB624A4D8824E829 /* Project object */;
			proxyType = 1;
			remoteGlobalIDString = ED4B086FD160F3ED945CC29E;
			remoteInfo = ALL_BUILD;
		};
/* End PBXContainerItemProxy section */

/* Begin PBXFileReference section */
		25A4BED666654CE38931C952 /* libsqlite3d.a */ = {isa = PBXFileReference; explicitFileType = archive.ar; path = libsqlite3d.a; sourceTree = BUILT_PRODUCTS_DIR; };
		29EE365C493D45EA916B9D09 /* base.h */ = {isa = PBXFileReference; explicitFileType = sourcecode.c.h; fileEncoding = 4; name = base.h; path = thirdparties/fmt/include/fmt/base.h; sourceTree = SOURCE_ROOT; };
		33D46F11D74C4810885F3A3E /* connection.cpp */ = {isa = PBXFileReference; explicitFileType = sourcecode.cpp.cpp; fileEncoding = 4; name = connection.cpp; path = src/ess/orm/connection.cpp; sourceTree = SOURCE_ROOT; };
		3514D628C2124A00B6393F39 /* format.h */ = {isa = PBXFileReference; explicitFileType = sourcecode.c.h; fileEncoding = 4; name = format.h; path = thirdparties/fmt/include/fmt/format.h; sourceTree = SOURCE_ROOT; };
		3544E02F14334967AE5F447E /* CMakeLists.txt */ = {isa = PBXFileReference; explicitFileType = sourcecode.text; fileEncoding = 4; lastKnownFileType = text; name = CMakeLists.txt; path = thirdparties/fmt/CMakeLists.txt; sourceTree = SOURCE_ROOT; };
		4084C60519DA443C899417D3 /* ostream.h */ = {isa = PBXFileReference; explicitFileType = sourcecode.c.h; fileEncoding = 4; name = ostream.h; path = thirdparties/fmt/include/fmt/ostream.h; sourceTree = SOURCE_ROOT; };
		53A2278C26B44F87A7EE9263 /* CMakeLists.txt */ = {isa = PBXFileReference; explicitFileType = sourcecode.text; fileEncoding = 4; lastKnownFileType = text; path = CMakeLists.txt; sourceTree = SOURCE_ROOT; };
		5D010B7AD2A145F59ADC93B6 /* args.h */ = {isa = PBXFileReference; explicitFileType = sourcecode.c.h; fileEncoding = 4; name = args.h; path = thirdparties/fmt/include/fmt/args.h; sourceTree = SOURCE_ROOT; };
		607E69BD42344D638B885303 /* libfmtd.a */ = {isa = PBXFileReference; explicitFileType = archive.ar; path = libfmtd.a; sourceTree = BUILT_PRODUCTS_DIR; };
		6217064962AD43F5939C6343 /* std.h */ = {isa = PBXFileReference; explicitFileType = sourcecode.c.h; fileEncoding = 4; name = std.h; path = thirdparties/fmt/include/fmt/std.h; sourceTree = SOURCE_ROOT; };
		62595636FF3A490D9F753B06 /* CMakeLists.txt */ = {isa = PBXFileReference; explicitFileType = sourcecode.text; fileEncoding = 4; lastKnownFileType = text; path = CMakeLists.txt; sourceTree = SOURCE_ROOT; };
		66C0E4229ADD4A9CAC862FE1 /* sqlite3.c */ = {isa = PBXFileReference; explicitFileType = sourcecode.c.c; fileEncoding = 4; name = sqlite3.c; path = thirdparties/sqlite3/sqlite3.c; sourceTree = SOURCE_ROOT; };
		6941795EC6FC477E8C7ABEF4 /* schema.cpp */ = {isa = PBXFileReference; explicitFileType = sourcecode.cpp.cpp; fileEncoding = 4; name = schema.cpp; path = src/schema.cpp; sourceTree = SOURCE_ROOT; };
		697BBDF906BF4B73B68E0358 /* color.h */ = {isa = PBXFileReference; explicitFileType = sourcecode.c.h; fileEncoding = 4; name = color.h; path = thirdparties/fmt/include/fmt/color.h; sourceTree = SOURCE_ROOT; };
		6A8F25854E144C36AC228804 /* format.cc */ = {isa = PBXFileReference; explicitFileType = sourcecode.cpp.cpp; fileEncoding = 4; name = format.cc; path = thirdparties/fmt/src/format.cc; sourceTree = SOURCE_ROOT; };
		76DA135FE508440593A0A020 /* printf.h */ = {isa = PBXFileReference; explicitFileType = sourcecode.c.h; fileEncoding = 4; name = printf.h; path = thirdparties/fmt/include/fmt/printf.h; sourceTree = SOURCE_ROOT; };
		7C98088F2F27B68900355C6C /* config.hpp */ = {isa = PBXFileReference; lastKnownFileType = sourcecode.cpp.h; path = config.hpp; sourceTree = "<group>"; };
		7C9808902F27B68900355C6C /* default.hpp */ = {isa = PBXFileReference; lastKnownFileType = sourcecode.cpp.h; path = default.hpp; sourceTree = "<group>"; };
		7C9808912F27B68900355C6C /* traits.hpp */ = {isa = PBXFileReference; lastKnownFileType = sourcecode.cpp.h; path = traits.hpp; sourceTree = "<group>"; };
		7C9808932F27B68900355C6C /* stress_test.hpp */ = {isa = PBXFileReference; lastKnownFileType = sourcecode.cpp.h; path = stress_test.hpp; sourceTree = "<group>"; };
		7C9808952F27B68900355C6C /* attribute.hpp */ = {isa = PBXFileReference; lastKnownFileType = sourcecode.cpp.h; path = attribute.hpp; sourceTree = "<group>"; };
		7C9808962F27B68900355C6C /* cache.h */ = {isa = PBXFileReference; lastKnownFileType = sourcecode.c.h; path = cache.h; sourceTree = "<group>"; };
		7C9808972F27B68900355C6C /* common_concept.hpp */ = {isa = PBXFileReference; lastKnownFileType = sourcecode.cpp.h; path = common_concept.hpp; sourceTree = "<group>"; };
		7C9808982F27B68900355C6C /* connection.h */ = {isa = PBXFileReference; lastKnownFileType = sourcecode.c.h; path = connection.h; sourceTree = "<group>"; };
		7C9808992F27B68900355C6C /* connection_pool.h */ = {isa = PBXFileReference; lastKnownFileType = sourcecode.c.h; path = connection_pool.h; sourceTree = "<group>"; };
		7C98089A2F27B68900355C6C /* context.hpp */ = {isa = PBXFileReference; lastKnownFileType = sourcecode.cpp.h; path = context.hpp; sourceTree = "<group>"; };
		7C98089B2F27B68900355C6C /* core_orm.hpp */ = {isa = PBXFileReference; lastKnownFileType = sourcecode.cpp.h; path = core_orm.hpp; sourceTree = "<group>"; };
		7C98089C2F27B68900355C6C /* database_context.h */ = {isa = PBXFileReference; lastKnownFileType = sourcecode.c.h; path = database_context.h; sourceTree = "<group>"; };
		7C98089D2F27B68900355C6C /* detail.hpp */ = {isa = PBXFileReference; lastKnownFileType = sourcecode.cpp.h; path = detail.hpp; sourceTree = "<group>"; };
		7C98089E2F27B68900355C6C /* dialect.hpp */ = {isa = PBXFileReference; lastKnownFileType = sourcecode.cpp.h; path = dialect.hpp; sourceTree = "<group>"; };
		7C98089F2F27B68900355C6C /* dsl.hpp */ = {isa = PBXFileReference; lastKnownFileType = sourcecode.cpp.h; path = dsl.hpp; sourceTree = "<group>"; };
		7C9808A02F27B68900355C6C /* interpret.hpp */ = {isa = PBXFileReference; lastKnownFileType = sourcecode.cpp.h; path = interpret.hpp; sourceTree = "<group>"; };
		7C9808A12F27B68900355C6C /* meta.hpp */ = {isa = PBXFileReference; lastKnownFileType = sourcecode.cpp.h; path = meta.hpp; sourceTree = "<group>"; };
		7C9808A22F27B68900355C6C /* parser.hpp */ = {isa = PBXFileReference; lastKnownFileType = sourcecode.cpp.h; path = parser.hpp; sourceTree = "<group>"; };
		7C9808A32F27B68900355C6C /* result.h */ = {isa = PBXFileReference; lastKnownFileType = sourcecode.c.h; path = result.h; sourceTree = "<group>"; };
		7C9808A42F27B68900355C6C /* result_set_mapper.hpp */ = {isa = PBXFileReference; lastKnownFileType = sourcecode.cpp.h; path = result_set_mapper.hpp; sourceTree = "<group>"; };
		7C9808A52F27B68900355C6C /* row.h */ = {isa = PBXFileReference; lastKnownFileType = sourcecode.c.h; path = row.h; sourceTree = "<group>"; };
		7C9808A62F27B68900355C6C /* runtime.hpp */ = {isa = PBXFileReference; lastKnownFileType = sourcecode.cpp.h; path = runtime.hpp; sourceTree = "<group>"; };
		7C9808A72F27B68900355C6C /* sql_destroier.hpp */ = {isa = PBXFileReference; lastKnownFileType = sourcecode.cpp.h; path = sql_destroier.hpp; sourceTree = "<group>"; };
		7C9808A82F27B68900355C6C /* statement.h */ = {isa = PBXFileReference; lastKnownFileType = sourcecode.c.h; path = statement.h; sourceTree = "<group>"; };
		7C9808A92F27B68900355C6C /* traits.hpp */ = {isa = PBXFileReference; lastKnownFileType = sourcecode.cpp.h; path = traits.hpp; sourceTree = "<group>"; };
		7C9808AA2F27B68900355C6C /* transaction.hpp */ = {isa = PBXFileReference; lastKnownFileType = sourcecode.cpp.h; path = transaction.hpp; sourceTree = "<group>"; };
		7C9808AD2F27B68900355C6C /* core.hpp */ = {isa = PBXFileReference; lastKnownFileType = sourcecode.cpp.h; path = core.hpp; sourceTree = "<group>"; };
		7C9808AE2F27B68900355C6C /* core_thirdparties.hpp */ = {isa = PBXFileReference; lastKnownFileType = sourcecode.cpp.h; path = core_thirdparties.hpp; sourceTree = "<group>"; };
		7C9808AF2F27B68900355C6C /* defines.h */ = {isa = PBXFileReference; lastKnownFileType = sourcecode.c.h; path = defines.h; sourceTree = "<group>"; };
		7C9808B02F27B68900355C6C /* std.hpp */ = {isa = PBXFileReference; lastKnownFileType = sourcecode.cpp.h; path = std.hpp; sourceTree = "<group>"; };
		8226DABBEF0340D68B551226 /* orm */ = {isa = PBXFileReference; explicitFileType = "compiled.mach-o.executable"; path = orm; sourceTree = BUILT_PRODUCTS_DIR; };
		831B3F630D094C82A7D52AB7 /* xchar.h */ = {isa = PBXFileReference; explicitFileType = sourcecode.c.h; fileEncoding = 4; name = xchar.h; path = thirdparties/fmt/include/fmt/xchar.h; sourceTree = SOURCE_ROOT; };
		8CACBA5A811C42EEB5F8E9C2 /* ChangeLog.md */ = {isa = PBXFileReference; explicitFileType = default; fileEncoding = 4; lastKnownFileType = net.daringfireball.markdown; name = ChangeLog.md; path = thirdparties/fmt/ChangeLog.md; sourceTree = SOURCE_ROOT; };
		9C1C6A04724D469A8EA9294A /* ranges.h */ = {isa = PBXFileReference; explicitFileType = sourcecode.c.h; fileEncoding = 4; name = ranges.h; path = thirdparties/fmt/include/fmt/ranges.h; sourceTree = SOURCE_ROOT; };
		9C53C1316F7840D6BB9E66BB /* statement.cpp */ = {isa = PBXFileReference; explicitFileType = sourcecode.cpp.cpp; fileEncoding = 4; name = statement.cpp; path = src/ess/orm/statement.cpp; sourceTree = SOURCE_ROOT; };
		A7C9D4C283864AD8BDE58623 /* os.h */ = {isa = PBXFileReference; explicitFileType = sourcecode.c.h; fileEncoding = 4; name = os.h; path = thirdparties/fmt/include/fmt/os.h; sourceTree = SOURCE_ROOT; };
		BA1FD66CF1884F40B35644DC /* os.cc */ = {isa = PBXFileReference; explicitFileType = sourcecode.cpp.cpp; fileEncoding = 4; name = os.cc; path = thirdparties/fmt/src/os.cc; sourceTree = SOURCE_ROOT; };
		D7C5F7A6164A4A919719EA87 /* compile.h */ = {isa = PBXFileReference; explicitFileType = sourcecode.c.h; fileEncoding = 4; name = compile.h; path = thirdparties/fmt/include/fmt/compile.h; sourceTree = SOURCE_ROOT; };
		F25092019B884C3C8D3CB83B /* format-inl.h */ = {isa = PBXFileReference; explicitFileType = sourcecode.c.h; fileEncoding = 4; name = "format-inl.h"; path = "thirdparties/fmt/include/fmt/format-inl.h"; sourceTree = SOURCE_ROOT; };
		F43C62DADFD744D3BF3D85B5 /* chrono.h */ = {isa = PBXFileReference; explicitFileType = sourcecode.c.h; fileEncoding = 4; name = chrono.h; path = thirdparties/fmt/include/fmt/chrono.h; sourceTree = SOURCE_ROOT; };
		F738F9E6503D40789DB59114 /* CMakeLists.txt */ = {isa = PBXFileReference; explicitFileType = sourcecode.text; fileEncoding = 4; lastKnownFileType = text; name = CMakeLists.txt; path = thirdparties/sqlite3/CMakeLists.txt; sourceTree = SOURCE_ROOT; };
		F8065121D3AD496CB4272C08 /* core.h */ = {isa = PBXFileReference; explicitFileType = sourcecode.c.h; fileEncoding = 4; name = core.h; path = thirdparties/fmt/include/fmt/core.h; sourceTree = SOURCE_ROOT; };
		FE671324C5E948C3AF247804 /* README.md */ = {isa = PBXFileReference; explicitFileType = default; fileEncoding = 4; lastKnownFileType = net.daringfireball.markdown; name = README.md; path = thirdparties/fmt/README.md; sourceTree = SOURCE_ROOT; };
/* End PBXFileReference section */

/* Begin PBXFrameworksBuildPhase section */
		4F3F3136741F4864B8B6A05B /* Frameworks */ = {
			isa = PBXFrameworksBuildPhase;
			buildActionMask = 2147483647;
			files = (
			);
			runOnlyForDeploymentPostprocessing = 0;
		};
		EEE8FC4717734AB2A5A14975 /* Frameworks */ = {
			isa = PBXFrameworksBuildPhase;
			buildActionMask = 2147483647;
			files = (
			);
			runOnlyForDeploymentPostprocessing = 0;
		};
		F5C954EFA95E4AEAA501B1AF /* Frameworks */ = {
			isa = PBXFrameworksBuildPhase;
			buildActionMask = 2147483647;
			files = (
			);
			runOnlyForDeploymentPostprocessing = 0;
		};
/* End PBXFrameworksBuildPhase section */

/* Begin PBXGroup section */
		2F9D5F05999F4668AF404B9F /* Products */ = {
			isa = PBXGroup;
			children = (
				25A4BED666654CE38931C952 /* libsqlite3d.a */,
				607E69BD42344D638B885303 /* libfmtd.a */,
				8226DABBEF0340D68B551226 /* orm */,
			);
			name = Products;
			sourceTree = "<group>";
		};
		43CD896B050A438F97C06603 /* ALL_BUILD */ = {
			isa = PBXGroup;
			children = (
				DD7213F0131849669167732E /* CMake Rules */,
				62595636FF3A490D9F753B06 /* CMakeLists.txt */,
			);
			name = ALL_BUILD;
			sourceTree = "<group>";
		};
		47B314C7355B4B0C9B420944 /* Header Files */ = {
			isa = PBXGroup;
			children = (
				5D010B7AD2A145F59ADC93B6 /* args.h */,
				29EE365C493D45EA916B9D09 /* base.h */,
				F43C62DADFD744D3BF3D85B5 /* chrono.h */,
				697BBDF906BF4B73B68E0358 /* color.h */,
				D7C5F7A6164A4A919719EA87 /* compile.h */,
				F8065121D3AD496CB4272C08 /* core.h */,
				F25092019B884C3C8D3CB83B /* format-inl.h */,
				3514D628C2124A00B6393F39 /* format.h */,
				A7C9D4C283864AD8BDE58623 /* os.h */,
				4084C60519DA443C899417D3 /* ostream.h */,
				76DA135FE508440593A0A020 /* printf.h */,
				9C1C6A04724D469A8EA9294A /* ranges.h */,
				6217064962AD43F5939C6343 /* std.h */,
				831B3F630D094C82A7D52AB7 /* xchar.h */,
			);
			name = "Header Files";
			sourceTree = "<group>";
		};
		75EFE3BF9FF5451288C10711 /* SQLite3 */ = {
			isa = PBXGroup;
			children = (
				D557EB9D854642C399BD9D60 /* Source Files */,
				F738F9E6503D40789DB59114 /* CMakeLists.txt */,
			);
			name = SQLite3;
			sourceTree = "<group>";
		};
		7A70DB63146740EB86D417EE /* Frameworks */ = {
			isa = PBXGroup;
			children = (
			);
			name = Frameworks;
			sourceTree = "<group>";
		};
		7C9808922F27B68900355C6C /* config */ = {
			isa = PBXGroup;
			children = (
				7C98088F2F27B68900355C6C /* config.hpp */,
				7C9808902F27B68900355C6C /* default.hpp */,
				7C9808912F27B68900355C6C /* traits.hpp */,
			);
			path = config;
			sourceTree = "<group>";
		};
		7C9808942F27B68900355C6C /* test */ = {
			isa = PBXGroup;
			children = (
				7C9808932F27B68900355C6C /* stress_test.hpp */,
			);
			path = test;
			sourceTree = "<group>";
		};
		7C9808AB2F27B68900355C6C /* orm */ = {
			isa = PBXGroup;
			children = (
				7C9808922F27B68900355C6C /* config */,
				7C9808942F27B68900355C6C /* test */,
				7C9808952F27B68900355C6C /* attribute.hpp */,
				7C9808962F27B68900355C6C /* cache.h */,
				7C9808972F27B68900355C6C /* common_concept.hpp */,
				7C9808982F27B68900355C6C /* connection.h */,
				7C9808992F27B68900355C6C /* connection_pool.h */,
				7C98089A2F27B68900355C6C /* context.hpp */,
				7C98089B2F27B68900355C6C /* core_orm.hpp */,
				7C98089C2F27B68900355C6C /* database_context.h */,
				7C98089D2F27B68900355C6C /* detail.hpp */,
				7C98089E2F27B68900355C6C /* dialect.hpp */,
				7C98089F2F27B68900355C6C /* dsl.hpp */,
				7C9808A02F27B68900355C6C /* interpret.hpp */,
				7C9808A12F27B68900355C6C /* meta.hpp */,
				7C9808A22F27B68900355C6C /* parser.hpp */,
				7C9808A32F27B68900355C6C /* result.h */,
				7C9808A42F27B68900355C6C /* result_set_mapper.hpp */,
				7C9808A52F27B68900355C6C /* row.h */,
				7C9808A62F27B68900355C6C /* runtime.hpp */,
				7C9808A72F27B68900355C6C /* sql_destroier.hpp */,
				7C9808A82F27B68900355C6C /* statement.h */,
				7C9808A92F27B68900355C6C /* traits.hpp */,
				7C9808AA2F27B68900355C6C /* transaction.hpp */,
			);
			path = orm;
			sourceTree = "<group>";
		};
		7C9808AC2F27B68900355C6C /* ess */ = {
			isa = PBXGroup;
			children = (
				7C9808AB2F27B68900355C6C /* orm */,
			);
			path = ess;
			sourceTree = "<group>";
		};
		7C9808B12F27B68900355C6C /* include */ = {
			isa = PBXGroup;
			children = (
				7C9808AC2F27B68900355C6C /* ess */,
				7C9808AD2F27B68900355C6C /* core.hpp */,
				7C9808AE2F27B68900355C6C /* core_thirdparties.hpp */,
				7C9808AF2F27B68900355C6C /* defines.h */,
				7C9808B02F27B68900355C6C /* std.hpp */,
			);
			path = include;
			sourceTree = "<group>";
		};
		A6E779C8A74C4223989B5C95 /* orm */ = {
			isa = PBXGroup;
			children = (
				7C9808B12F27B68900355C6C /* include */,
				D9DD88FA7ADD48369E873091 /* Source Files */,
				53A2278C26B44F87A7EE9263 /* CMakeLists.txt */,
			);
			name = orm;
			sourceTree = "<group>";
		};
		B723D3C3813D4DDAB8D051C0 = {
			isa = PBXGroup;
			children = (
				A6E779C8A74C4223989B5C95 /* orm */,
				43CD896B050A438F97C06603 /* ALL_BUILD */,
				DAF435408EF147E39B56D7AD /* fmt */,
				75EFE3BF9FF5451288C10711 /* SQLite3 */,
				2F9D5F05999F4668AF404B9F /* Products */,
				7A70DB63146740EB86D417EE /* Frameworks */,
				E83B93FD0B9F4F428DE2889F /* Resources */,
			);
			sourceTree = "<group>";
		};
		BE15DEDCE5A247D4B6232C64 /* Source Files */ = {
			isa = PBXGroup;
			children = (
				6A8F25854E144C36AC228804 /* format.cc */,
				BA1FD66CF1884F40B35644DC /* os.cc */,
			);
			name = "Source Files";
			sourceTree = "<group>";
		};
		D557EB9D854642C399BD9D60 /* Source Files */ = {
			isa = PBXGroup;
			children = (
				66C0E4229ADD4A9CAC862FE1 /* sqlite3.c */,
			);
			name = "Source Files";
			sourceTree = "<group>";
		};
		D9DD88FA7ADD48369E873091 /* Source Files */ = {
			isa = PBXGroup;
			children = (
				33D46F11D74C4810885F3A3E /* connection.cpp */,
				9C53C1316F7840D6BB9E66BB /* statement.cpp */,
				6941795EC6FC477E8C7ABEF4 /* schema.cpp */,
			);
			name = "Source Files";
			sourceTree = "<group>";
		};
		DAF435408EF147E39B56D7AD /* fmt */ = {
			isa = PBXGroup;
			children = (
				BE15DEDCE5A247D4B6232C64 /* Source Files */,
				47B314C7355B4B0C9B420944 /* Header Files */,
				3544E02F14334967AE5F447E /* CMakeLists.txt */,
				8CACBA5A811C42EEB5F8E9C2 /* ChangeLog.md */,
				FE671324C5E948C3AF247804 /* README.md */,
			);
			name = fmt;
			sourceTree = "<group>";
		};
		DD7213F0131849669167732E /* CMake Rules */ = {
			isa = PBXGroup;
			children = (
			);
			name = "CMake Rules";
			sourceTree = "<group>";
		};
		E83B93FD0B9F4F428DE2889F /* Resources */ = {
			isa = PBXGroup;
			children = (
			);
			name = Resources;
			sourceTree = "<group>";
		};
/* End PBXGroup section */

/* Begin PBXNativeTarget section */
		034F8AC5A2240DAF72ED2FCE /* SQLite3 */ = {
			isa = PBXNativeTarget;
			buildConfigurationList = 56AD60A6C4B24E1A9E9A299B /* Build configuration list for PBXNativeTarget "SQLite3" */;
			buildPhases = (
				D9F2D58AE3B84F47B4BEE8B5 /* Sources */,
				4F3F3136741F4864B8B6A05B /* Frameworks */,
			);
			buildRules = (
			);
			dependencies = (
			);
			name = SQLite3;
			productName = SQLite3;
			productReference = 25A4BED666654CE38931C952 /* libsqlite3d.a */;
			productType = "com.apple.product-type.library.static";
		};
		AD02BFA0976CA7776A859C69 /* fmt */ = {
			isa = PBXNativeTarget;
			buildConfigurationList = 458D56638C9149178F67CD1E /* Build configuration list for PBXNativeTarget "fmt" */;
			buildPhases = (
				B8165E5C855943778C9F92EA /* Sources */,
				EEE8FC4717734AB2A5A14975 /* Frameworks */,
			);
			buildRules = (
			);
			dependencies = (
			);
			name = fmt;
			productName = fmt;
			productReference = 607E69BD42344D638B885303 /* libfmtd.a */;
			productType = "com.apple.product-type.library.static";
		};
		F37560BB9145231E585DC411 /* orm */ = {
			isa = PBXNativeTarget;
			buildConfigurationList = F1683423814F4EC7A67DA6A2 /* Build configuration list for PBXNativeTarget "orm" */;
			buildPhases = (
				BB51CF73898E4F4DBAA2A34F /* Sources */,
				F5C954EFA95E4AEAA501B1AF /* Frameworks */,
			);
			buildRules = (
			);
			dependencies = (
				7F830076A2364F81B1284E73 /* PBXTargetDependency */,
				BD515F79FAD24A83A2C1FD2C /* PBXTargetDependency */,
				D633E2CAF0C747BFA887030E /* PBXTargetDependency */,
			);
			name = orm;
			productName = orm;
			productReference = 8226DABBEF0340D68B551226 /* orm */;
			productType = "com.apple.product-type.tool";
		};
/* End PBXNativeTarget section */

/* Begin PBXProject section */
		5A660AF3CB624A4D8824E829 /* Project object */ = {
			isa = PBXProject;
			attributes = {
				KnownAssetTags = (
					New,
				);
				LastUpgradeCheck = 1620;
			};
			buildConfigurationList = 54C8BC66FB704EEEA9FC37E7 /* Build configuration list for PBXProject "orm" */;
			compatibilityVersion = "Xcode 3.2";
			developmentRegion = en;
			hasScannedForEncodings = 0;
			knownRegions = (
				en,
				Base,
			);
			mainGroup = B723D3C3813D4DDAB8D051C0;
			projectDirPath = /Users/wuming/code/orm_playground;
			projectRoot = "";
			targets = (
				ED4B086FD160F3ED945CC29E /* ALL_BUILD */,
				034F8AC5A2240DAF72ED2FCE /* SQLite3 */,
				1D0CEB9696A824BD76546AB4 /* ZERO_CHECK */,
				AD02BFA0976CA7776A859C69 /* fmt */,
				F6211E0DB70E27FB37F3F5C4 /* install */,
				F37560BB9145231E585DC411 /* orm */,
			);
		};
/* End PBXProject section */

/* Begin PBXShellScriptBuildPhase section */
		6E6BEFD8AC280299AB86012A /* Generate CMakeFiles/ALL_BUILD */ = {
			isa = PBXShellScriptBuildPhase;
			alwaysOutOfDate = 1;
			buildActionMask = 2147483647;
			files = (
			);
			inputPaths = (
			);
			name = "Generate CMakeFiles/ALL_BUILD";
			outputPaths = (
				/Users/wuming/code/orm_playground/xcode_build/CMakeFiles/ALL_BUILD,
			);
			runOnlyForDeploymentPostprocessing = 0;
			shellPath = /bin/sh;
			shellScript = "set -e\nif test \"$CONFIGURATION\" = \"Debug\"; then :\n  cd /Users/wuming/code/orm_playground/xcode_build\n  echo Build\\ all\\ projects\nfi\nif test \"$CONFIGURATION\" = \"Release\"; then :\n  cd /Users/wuming/code/orm_playground/xcode_build\n  echo Build\\ all\\ projects\nfi\nif test \"$CONFIGURATION\" = \"MinSizeRel\"; then :\n  cd /Users/wuming/code/orm_playground/xcode_build\n  echo Build\\ all\\ projects\nfi\nif test \"$CONFIGURATION\" = \"RelWithDebInfo\"; then :\n  cd /Users/wuming/code/orm_playground/xcode_build\n  echo Build\\ all\\ projects\nfi\n";
			showEnvVarsInLog = 0;
		};
		93426DA6A4AC2C2AC9CE883C /* CMake PostBuild Rules */ = {
			isa = PBXShellScriptBuildPhase;
			alwaysOutOfDate = 1;
			buildActionMask = 2147483647;
			files = (
			);
			name = "CMake PostBuild Rules";
			outputPaths = (
			);
			runOnlyForDeploymentPostprocessing = 0;
			shellPath = /bin/sh;
			shellScript = "set -e\nif test \"$CONFIGURATION\" = \"Debug\"; then :\n  cd /Users/wuming/code/orm_playground/xcode_build\n  /opt/homebrew/bin/cmake -DBUILD_TYPE=$CONFIGURATION$EFFECTIVE_PLATFORM_NAME -P cmake_install.cmake\nfi\nif test \"$CONFIGURATION\" = \"Release\"; then :\n  cd /Users/wuming/code/orm_playground/xcode_build\n  /opt/homebrew/bin/cmake -DBUILD_TYPE=$CONFIGURATION$EFFECTIVE_PLATFORM_NAME -P cmake_install.cmake\nfi\nif test \"$CONFIGURATION\" = \"MinSizeRel\"; then :\n  cd /Users/wuming/code/orm_playground/xcode_build\n  /opt/homebrew/bin/cmake -DBUILD_TYPE=$CONFIGURATION$EFFECTIVE_PLATFORM_NAME -P cmake_install.cmake\nfi\nif test \"$CONFIGURATION\" = \"RelWithDebInfo\"; then :\n  cd /Users/wuming/code/orm_playground/xcode_build\n  /opt/homebrew/bin/cmake -DBUILD_TYPE=$CONFIGURATION$EFFECTIVE_PLATFORM_NAME -P cmake_install.cmake\nfi\n";
			showEnvVarsInLog = 0;
		};
		E7F49DDD1B35AE9EDA5FB116 /* Generate CMakeFiles/ZERO_CHECK */ = {
			isa = PBXShellScriptBuildPhase;
			alwaysOutOfDate = 1;
			buildActionMask = 2147483647;
			files = (
			);
			inputPaths = (
			);
			name = "Generate CMakeFiles/ZERO_CHECK";
			outputPaths = (
				/Users/wuming/code/orm_playground/xcode_build/CMakeFiles/ZERO_CHECK,
			);
			runOnlyForDeploymentPostprocessing = 0;
			shellPath = /bin/sh;
			shellScript = "set -e\nif test \"$CONFIGURATION\" = \"Debug\"; then :\n  cd /Users/wuming/code/orm_playground/xcode_build\n  make -f /Users/wuming/code/orm_playground/xcode_build/CMakeScripts/ReRunCMake.make\nfi\nif test \"$CONFIGURATION\" = \"Release\"; then :\n  cd /Users/wuming/code/orm_playground/xcode_build\n  make -f /Users/wuming/code/orm_playground/xcode_build/CMakeScripts/ReRunCMake.make\nfi\nif test \"$CONFIGURATION\" = \"MinSizeRel\"; then :\n  cd /Users/wuming/code/orm_playground/xcode_build\n  make -f /Users/wuming/code/orm_playground/xcode_build/CMakeScripts/ReRunCMake.make\nfi\nif test \"$CONFIGURATION\" = \"RelWithDebInfo\"; then :\n  cd /Users/wuming/code/orm_playground/xcode_build\n  make -f /Users/wuming/code/orm_playground/xcode_build/CMakeScripts/ReRunCMake.make\nfi\n";
			showEnvVarsInLog = 0;
		};
/* End PBXShellScriptBuildPhase section */

/* Begin PBXSourcesBuildPhase section */
		B8165E5C855943778C9F92EA /* Sources */ = {
			isa = PBXSourcesBuildPhase;
			buildActionMask = 2147483647;
			files = (
				104414B9725049BEB680D10C /* format.cc in Sources */,
				2D81F8DC16E44F918CED21C7 /* os.cc in Sources */,
			);
			runOnlyForDeploymentPostprocessing = 0;
		};
		BB51CF73898E4F4DBAA2A34F /* Sources */ = {
			isa = PBXSourcesBuildPhase;
			buildActionMask = 2147483647;
			files = (
				089471D08064427B98E50309 /* connection.cpp in Sources */,
				275A9C2C4283440DA419EDDD /* statement.cpp in Sources */,
				37CEF2AB823B4D38A1B8292E /* schema.cpp in Sources */,
			);
			runOnlyForDeploymentPostprocessing = 0;
		};
		D9F2D58AE3B84F47B4BEE8B5 /* Sources */ = {
			isa = PBXSourcesBuildPhase;
			buildActionMask = 2147483647;
			files = (
				83A3F39E0727460492D1B431 /* sqlite3.c in Sources */,
			);
			runOnlyForDeploymentPostprocessing = 0;
		};
/* End PBXSourcesBuildPhase section */

/* Begin PBXTargetDependency section */
		136C9D8C8F734D79BDF5AB05 /* PBXTargetDependency */ = {
			isa = PBXTargetDependency;
			target = ED4B086FD160F3ED945CC29E /* ALL_BUILD */;
			targetProxy = F4A6D9393DDE427E85CD3EB0 /* PBXContainerItemProxy */;
		};
		14A155E88D0B4A6186158BCB /* PBXTargetDependency */ = {
			isa = PBXTargetDependency;
			target = F37560BB9145231E585DC411 /* orm */;
			targetProxy = A6999D9BFFDC4BB98D829EF9 /* PBXContainerItemProxy */;
		};
		7F830076A2364F81B1284E73 /* PBXTargetDependency */ = {
			isa = PBXTargetDependency;
			target = AD02BFA0976CA7776A859C69 /* fmt */;
			targetProxy = 8759A26BB9024585AE60D174 /* PBXContainerItemProxy */;
		};
		901FB3DB8CBD495FBE6944A0 /* PBXTargetDependency */ = {
			isa = PBXTargetDependency;
			target = AD02BFA0976CA7776A859C69 /* fmt */;
			targetProxy = 90B3133360914529B3A7ECD7 /* PBXContainerItemProxy */;
		};
		9E2D0AA191D342C399B164EF /* PBXTargetDependency */ = {
			isa = PBXTargetDependency;
			target = 034F8AC5A2240DAF72ED2FCE /* SQLite3 */;
			targetProxy = 6A733EC1337040E6A993BE8D /* PBXContainerItemProxy */;
		};
		BD515F79FAD24A83A2C1FD2C /* PBXTargetDependency */ = {
			isa = PBXTargetDependency;
			target = 034F8AC5A2240DAF72ED2FCE /* SQLite3 */;
			targetProxy = 74975436FFFE4C2DB4822BE3 /* PBXContainerItemProxy */;
		};
		C68798BA5DE443AA9A450B83 /* PBXTargetDependency */ = {
			isa = PBXTargetDependency;
			target = 1D0CEB9696A824BD76546AB4 /* ZERO_CHECK */;
			targetProxy = 6BD550A2EBD5458BAC7BD890 /* PBXContainerItemProxy */;
		};
		D633E2CAF0C747BFA887030E /* PBXTargetDependency */ = {
			isa = PBXTargetDependency;
			target = 1D0CEB9696A824BD76546AB4 /* ZERO_CHECK */;
			targetProxy = 2FBF74505B8D4DA598BBDF8D /* PBXContainerItemProxy */;
		};
/* End PBXTargetDependency section */

/* Begin XCBuildConfiguration section */
		066FB5A32B884EDCAE6A459C /* RelWithDebInfo */ = {
			isa = XCBuildConfiguration;
			buildSettings = {
				ALWAYS_SEARCH_USER_PATHS = NO;
				ARCHS = arm64;
				COMBINE_HIDPI_IMAGES = YES;
				CONFIGURATION_BUILD_DIR = /Users/wuming/code/orm_playground/xcode_build/RelWithDebInfo;
				EXECUTABLE_PREFIX = "";
				EXECUTABLE_SUFFIX = "";
				GCC_GENERATE_DEBUGGING_SYMBOLS = YES;
				GCC_INLINES_ARE_PRIVATE_EXTERN = NO;
				GCC_OPTIMIZATION_LEVEL = 0;
				GCC_PREPROCESSOR_DEFINITIONS = (
					"'CMAKE_INTDIR=\"$(CONFIGURATION)$(EFFECTIVE_PLATFORM_NAME)\"'",
					SQLITE_ENABLE_MATH_FUNCTIONS,
					SQLITE_OMIT_DECLTYPE,
					"'SQLITE_DEFAULT_MEMSTATUS=0'",
					"'SQLITE_DEFAULT_WAL_SYNCHRONOUS=1'",
					"'SQLITE_DQS=0'",
					SQLITE_LIKE_DOESNT_MATCH_BLOBS,
					"'SQLITE_MAX_EXPR_DEPTH=0'",
					SQLITE_OMIT_DEPRECATED,
					SQLITE_OMIT_PROGRESS_CALLBACK,
					SQLITE_OMIT_SHARED_CACHE,
					SQLITE_USE_ALLOCA,
					"$(inherited)",
				);
				GCC_SYMBOLS_PRIVATE_EXTERN = NO;
				HEADER_SEARCH_PATHS = (
					/Users/wuming/code/orm_playground/include,
					/Users/wuming/code/orm_playground/configs,
					/Users/wuming/code/orm_playground/thirdparties/fmt/include,
					"$(inherited)",
				);
				INSTALL_PATH = "";
				ONLY_ACTIVE_ARCH = NO;
				OTHER_CPLUSPLUSFLAGS = (
					"-DNDEBUG",
					"'-std=c++20'",
					"-fno-omit-frame-pointer",
					"'-fsanitize=address'",
					"-fexceptions",
					"'-save-temps=obj'",
				);
				OTHER_LDFLAGS = (
					"-L/opt/homebrew/opt/mysql@8.4/lib",
					"'-fsanitize=address'",
					"-Wl,-search_paths_first",
					"-Wl,-headerpad_max_install_names",
					/Users/wuming/code/orm_playground/xcode_build/thirdparties/fmt/RelWithDebInfo/libfmt.a,
					/Users/wuming/code/orm_playground/xcode_build/thirdparties/sqlite3/RelWithDebInfo/libsqlite3.a,
					"$(inherited)",
				);
				OTHER_REZFLAGS = "";
				PRODUCT_NAME = orm;
				SECTORDER_FLAGS = "";
				TARGET_TEMP_DIR = "/Users/wuming/code/orm_playground/xcode_build/build/orm.build/$(CONFIGURATION)$(EFFECTIVE_PLATFORM_NAME)";
				USE_HEADERMAP = NO;
				WARNING_CFLAGS = "$(inherited)";
			};
			name = RelWithDebInfo;
		};
		0EF22F56F1E24ECF85FDF24B /* MinSizeRel */ = {
			isa = XCBuildConfiguration;
			buildSettings = {
				ALWAYS_SEARCH_USER_PATHS = NO;
				ARCHS = arm64;
				COMBINE_HIDPI_IMAGES = YES;
				GCC_GENERATE_DEBUGGING_SYMBOLS = YES;
				GCC_INLINES_ARE_PRIVATE_EXTERN = NO;
				GCC_OPTIMIZATION_LEVEL = 0;
				GCC_PREPROCESSOR_DEFINITIONS = (
					"'CMAKE_INTDIR=\"$(CONFIGURATION)$(EFFECTIVE_PLATFORM_NAME)\"'",
					"$(inherited)",
				);
				GCC_SYMBOLS_PRIVATE_EXTERN = NO;
				INSTALL_PATH = "";
				ONLY_ACTIVE_ARCH = NO;
				OTHER_LDFLAGS = " $(inherited)";
				OTHER_REZFLAGS = "";
				PRODUCT_NAME = ZERO_CHECK;
				SECTORDER_FLAGS = "";
				USE_HEADERMAP = NO;
				WARNING_CFLAGS = "$(inherited)";
			};
			name = MinSizeRel;
		};
		1199668D53C247BA99A4170E /* RelWithDebInfo */ = {
			isa = XCBuildConfiguration;
			buildSettings = {
				ARCHS = arm64;
				MACOSX_DEPLOYMENT_TARGET = 14.5;
				SDKROOT = /Applications/Xcode.app/Contents/Developer/Platforms/MacOSX.platform/Developer/SDKs/MacOSX15.2.sdk;
				SWIFT_COMPILATION_MODE = wholemodule;
				SYMROOT = /Users/wuming/code/orm_playground/xcode_build/build;
			};
			name = RelWithDebInfo;
		};
		1E24DBFC3CDE4F4B864D2639 /* MinSizeRel */ = {
			isa = XCBuildConfiguration;
			buildSettings = {
				ARCHS = arm64;
				MACOSX_DEPLOYMENT_TARGET = 14.5;
				SDKROOT = /Applications/Xcode.app/Contents/Developer/Platforms/MacOSX.platform/Developer/SDKs/MacOSX15.2.sdk;
				SWIFT_COMPILATION_MODE = wholemodule;
				SYMROOT = /Users/wuming/code/orm_playground/xcode_build/build;
			};
			name = MinSizeRel;
		};
		297B25D8DB35468FB64F7901 /* RelWithDebInfo */ = {
			isa = XCBuildConfiguration;
			buildSettings = {
				ALWAYS_SEARCH_USER_PATHS = NO;
				ARCHS = arm64;
				COMBINE_HIDPI_IMAGES = YES;
				CONFIGURATION_BUILD_DIR = /Users/wuming/code/orm_playground/xcode_build/thirdparties/sqlite3/RelWithDebInfo;
				EXECUTABLE_PREFIX = lib;
				EXECUTABLE_SUFFIX = .a;
				GCC_GENERATE_DEBUGGING_SYMBOLS = YES;
				GCC_INLINES_ARE_PRIVATE_EXTERN = NO;
				GCC_OPTIMIZATION_LEVEL = 2;
				GCC_PREPROCESSOR_DEFINITIONS = (
					"'CMAKE_INTDIR=\"$(CONFIGURATION)$(EFFECTIVE_PLATFORM_NAME)\"'",
					SQLITE_ENABLE_MATH_FUNCTIONS,
					SQLITE_OMIT_DECLTYPE,
					"'SQLITE_DEFAULT_MEMSTATUS=0'",
					"'SQLITE_DEFAULT_WAL_SYNCHRONOUS=1'",
					"'SQLITE_DQS=0'",
					SQLITE_LIKE_DOESNT_MATCH_BLOBS,
					"'SQLITE_MAX_EXPR_DEPTH=0'",
					SQLITE_OMIT_DEPRECATED,
					SQLITE_OMIT_PROGRESS_CALLBACK,
					SQLITE_OMIT_SHARED_CACHE,
					SQLITE_USE_ALLOCA,
					"$(inherited)",
				);
				GCC_SYMBOLS_PRIVATE_EXTERN = NO;
				INSTALL_PATH = "";
				LIBRARY_STYLE = STATIC;
				ONLY_ACTIVE_ARCH = NO;
				OTHER_CFLAGS = (
					"-DNDEBUG",
					"$(inherited)",
				);
				OTHER_LIBTOOLFLAGS = "";
				OTHER_REZFLAGS = "";
				PRODUCT_NAME = sqlite3;
				SECTORDER_FLAGS = "";
				TARGET_TEMP_DIR = "/Users/wuming/code/orm_playground/xcode_build/build/SQLite3.build/$(CONFIGURATION)$(EFFECTIVE_PLATFORM_NAME)";
				USE_HEADERMAP = NO;
				WARNING_CFLAGS = "$(inherited)";
			};
			name = RelWithDebInfo;
		};
		2F397713A9524872990C782C /* MinSizeRel */ = {
			isa = XCBuildConfiguration;
			buildSettings = {
				ALWAYS_SEARCH_USER_PATHS = NO;
				ARCHS = arm64;
				COMBINE_HIDPI_IMAGES = YES;
				CONFIGURATION_BUILD_DIR = /Users/wuming/code/orm_playground/xcode_build/MinSizeRel;
				EXECUTABLE_PREFIX = "";
				EXECUTABLE_SUFFIX = "";
				GCC_GENERATE_DEBUGGING_SYMBOLS = YES;
				GCC_INLINES_ARE_PRIVATE_EXTERN = NO;
				GCC_OPTIMIZATION_LEVEL = 0;
				GCC_PREPROCESSOR_DEFINITIONS = (
					"'CMAKE_INTDIR=\"$(CONFIGURATION)$(EFFECTIVE_PLATFORM_NAME)\"'",
					SQLITE_ENABLE_MATH_FUNCTIONS,
					SQLITE_OMIT_DECLTYPE,
					"'SQLITE_DEFAULT_MEMSTATUS=0'",
					"'SQLITE_DEFAULT_WAL_SYNCHRONOUS=1'",
					"'SQLITE_DQS=0'",
					SQLITE_LIKE_DOESNT_MATCH_BLOBS,
					"'SQLITE_MAX_EXPR_DEPTH=0'",
					SQLITE_OMIT_DEPRECATED,
					SQLITE_OMIT_PROGRESS_CALLBACK,
					SQLITE_OMIT_SHARED_CACHE,
					SQLITE_USE_ALLOCA,
					"$(inherited)",
				);
				GCC_SYMBOLS_PRIVATE_EXTERN = NO;
				HEADER_SEARCH_PATHS = (
					/Users/wuming/code/orm_playground/include,
					/Users/wuming/code/orm_playground/configs,
					/Users/wuming/code/orm_playground/thirdparties/fmt/include,
					"$(inherited)",
				);
				INSTALL_PATH = "";
				ONLY_ACTIVE_ARCH = NO;
				OTHER_CPLUSPLUSFLAGS = (
					"-DNDEBUG",
					"'-std=c++20'",
					"-fno-omit-frame-pointer",
					"'-fsanitize=address'",
					"-fexceptions",
					"'-save-temps=obj'",
				);
				OTHER_LDFLAGS = (
					"-L/opt/homebrew/opt/mysql@8.4/lib",
					"'-fsanitize=address'",
					"-Wl,-search_paths_first",
					"-Wl,-headerpad_max_install_names",
					/Users/wuming/code/orm_playground/xcode_build/thirdparties/fmt/MinSizeRel/libfmt.a,
					/Users/wuming/code/orm_playground/xcode_build/thirdparties/sqlite3/MinSizeRel/libsqlite3.a,
					"$(inherited)",
				);
				OTHER_REZFLAGS = "";
				PRODUCT_NAME = orm;
				SECTORDER_FLAGS = "";
				TARGET_TEMP_DIR = "/Users/wuming/code/orm_playground/xcode_build/build/orm.build/$(CONFIGURATION)$(EFFECTIVE_PLATFORM_NAME)";
				USE_HEADERMAP = NO;
				WARNING_CFLAGS = "$(inherited)";
			};
			name = MinSizeRel;
		};
		33CA945860194B7F831B4C19 /* RelWithDebInfo */ = {
			isa = XCBuildConfiguration;
			buildSettings = {
				ALWAYS_SEARCH_USER_PATHS = NO;
				ARCHS = arm64;
				COMBINE_HIDPI_IMAGES = YES;
				GCC_GENERATE_DEBUGGING_SYMBOLS = YES;
				GCC_INLINES_ARE_PRIVATE_EXTERN = NO;
				GCC_OPTIMIZATION_LEVEL = 0;
				GCC_PREPROCESSOR_DEFINITIONS = (
					"'CMAKE_INTDIR=\"$(CONFIGURATION)$(EFFECTIVE_PLATFORM_NAME)\"'",
					"$(inherited)",
				);
				GCC_SYMBOLS_PRIVATE_EXTERN = NO;
				INSTALL_PATH = "";
				ONLY_ACTIVE_ARCH = NO;
				OTHER_LDFLAGS = " $(inherited)";
				OTHER_REZFLAGS = "";
				PRODUCT_NAME = install;
				SECTORDER_FLAGS = "";
				USE_HEADERMAP = NO;
				WARNING_CFLAGS = "$(inherited)";
			};
			name = RelWithDebInfo;
		};
		3472C871AF0F45C29E72FA48 /* Debug */ = {
			isa = XCBuildConfiguration;
			buildSettings = {
				ALWAYS_SEARCH_USER_PATHS = NO;
				ARCHS = arm64;
				COMBINE_HIDPI_IMAGES = YES;
				CONFIGURATION_BUILD_DIR = /Users/wuming/code/orm_playground/xcode_build/thirdparties/sqlite3/Debug;
				EXECUTABLE_PREFIX = lib;
				EXECUTABLE_SUFFIX = .a;
				GCC_GENERATE_DEBUGGING_SYMBOLS = YES;
				GCC_INLINES_ARE_PRIVATE_EXTERN = NO;
				GCC_OPTIMIZATION_LEVEL = 0;
				GCC_PREPROCESSOR_DEFINITIONS = (
					"'CMAKE_INTDIR=\"$(CONFIGURATION)$(EFFECTIVE_PLATFORM_NAME)\"'",
					SQLITE_ENABLE_MATH_FUNCTIONS,
					SQLITE_OMIT_DECLTYPE,
					"'SQLITE_DEFAULT_MEMSTATUS=0'",
					"'SQLITE_DEFAULT_WAL_SYNCHRONOUS=1'",
					"'SQLITE_DQS=0'",
					SQLITE_LIKE_DOESNT_MATCH_BLOBS,
					"'SQLITE_MAX_EXPR_DEPTH=0'",
					SQLITE_OMIT_DEPRECATED,
					SQLITE_OMIT_PROGRESS_CALLBACK,
					SQLITE_OMIT_SHARED_CACHE,
					SQLITE_USE_ALLOCA,
					"$(inherited)",
				);
				GCC_SYMBOLS_PRIVATE_EXTERN = NO;
				INSTALL_PATH = "";
				LIBRARY_STYLE = STATIC;
				ONLY_ACTIVE_ARCH = NO;
				OTHER_CFLAGS = "    $(inherited)";
				OTHER_LIBTOOLFLAGS = "";
				OTHER_REZFLAGS = "";
				PRODUCT_NAME = sqlite3d;
				SECTORDER_FLAGS = "";
				TARGET_TEMP_DIR = "/Users/wuming/code/orm_playground/xcode_build/build/SQLite3.build/$(CONFIGURATION)$(EFFECTIVE_PLATFORM_NAME)";
				USE_HEADERMAP = NO;
				WARNING_CFLAGS = "$(inherited)";
			};
			name = Debug;
		};
		45E954FEFCB240FA9C4A3EB1 /* RelWithDebInfo */ = {
			isa = XCBuildConfiguration;
			buildSettings = {
				ALWAYS_SEARCH_USER_PATHS = NO;
				ARCHS = arm64;
				COMBINE_HIDPI_IMAGES = YES;
				GCC_GENERATE_DEBUGGING_SYMBOLS = YES;
				GCC_INLINES_ARE_PRIVATE_EXTERN = NO;
				GCC_OPTIMIZATION_LEVEL = 0;
				GCC_PREPROCESSOR_DEFINITIONS = (
					"'CMAKE_INTDIR=\"$(CONFIGURATION)$(EFFECTIVE_PLATFORM_NAME)\"'",
					"$(inherited)",
				);
				GCC_SYMBOLS_PRIVATE_EXTERN = NO;
				INSTALL_PATH = "";
				ONLY_ACTIVE_ARCH = NO;
				OTHER_LDFLAGS = " $(inherited)";
				OTHER_REZFLAGS = "";
				PRODUCT_NAME = ZERO_CHECK;
				SECTORDER_FLAGS = "";
				USE_HEADERMAP = NO;
				WARNING_CFLAGS = "$(inherited)";
			};
			name = RelWithDebInfo;
		};
		7C842397FC9544D4B24348AA /* Debug */ = {
			isa = XCBuildConfiguration;
			buildSettings = {
				ALWAYS_SEARCH_USER_PATHS = NO;
				ARCHS = arm64;
				COMBINE_HIDPI_IMAGES = YES;
				CONFIGURATION_BUILD_DIR = /Users/wuming/code/orm_playground/xcode_build/Debug;
				EXECUTABLE_PREFIX = "";
				EXECUTABLE_SUFFIX = "";
				GCC_GENERATE_DEBUGGING_SYMBOLS = YES;
				GCC_INLINES_ARE_PRIVATE_EXTERN = NO;
				GCC_OPTIMIZATION_LEVEL = 0;
				GCC_PREPROCESSOR_DEFINITIONS = (
					"'CMAKE_INTDIR=\"$(CONFIGURATION)$(EFFECTIVE_PLATFORM_NAME)\"'",
					SQLITE_ENABLE_MATH_FUNCTIONS,
					SQLITE_OMIT_DECLTYPE,
					"'SQLITE_DEFAULT_MEMSTATUS=0'",
					"'SQLITE_DEFAULT_WAL_SYNCHRONOUS=1'",
					"'SQLITE_DQS=0'",
					SQLITE_LIKE_DOESNT_MATCH_BLOBS,
					"'SQLITE_MAX_EXPR_DEPTH=0'",
					SQLITE_OMIT_DEPRECATED,
					SQLITE_OMIT_PROGRESS_CALLBACK,
					SQLITE_OMIT_SHARED_CACHE,
					SQLITE_USE_ALLOCA,
					"$(inherited)",
				);
				GCC_SYMBOLS_PRIVATE_EXTERN = NO;
				HEADER_SEARCH_PATHS = (
					/Users/wuming/code/orm_playground/include,
					/Users/wuming/code/orm_playground/configs,
					/Users/wuming/code/orm_playground/thirdparties/fmt/include,
					"$(inherited)",
				);
				INSTALL_PATH = "";
				ONLY_ACTIVE_ARCH = NO;
				OTHER_CPLUSPLUSFLAGS = (
					"'-std=c++20'",
					"-fno-omit-frame-pointer",
					"'-fsanitize=address'",
					"-fexceptions",
					"'-save-temps=obj'",
				);
				OTHER_LDFLAGS = (
					"-L/opt/homebrew/opt/mysql@8.4/lib",
					"'-fsanitize=address'",
					"-Wl,-search_paths_first",
					"-Wl,-headerpad_max_install_names",
					/Users/wuming/code/orm_playground/xcode_build/thirdparties/fmt/Debug/libfmtd.a,
					/Users/wuming/code/orm_playground/xcode_build/thirdparties/sqlite3/Debug/libsqlite3d.a,
					"$(inherited)",
				);
				OTHER_REZFLAGS = "";
				PRODUCT_NAME = orm;
				SECTORDER_FLAGS = "";
				TARGET_TEMP_DIR = "/Users/wuming/code/orm_playground/xcode_build/build/orm.build/$(CONFIGURATION)$(EFFECTIVE_PLATFORM_NAME)";
				USE_HEADERMAP = NO;
				WARNING_CFLAGS = "$(inherited)";
			};
			name = Debug;
		};
		8584D20ED9E248738D7B2683 /* Release */ = {
			isa = XCBuildConfiguration;
			buildSettings = {
				ALWAYS_SEARCH_USER_PATHS = NO;
				ARCHS = arm64;
				COMBINE_HIDPI_IMAGES = YES;
				CONFIGURATION_BUILD_DIR = /Users/wuming/code/orm_playground/xcode_build/thirdparties/fmt/Release;
				EXECUTABLE_PREFIX = lib;
				EXECUTABLE_SUFFIX = .a;
				GCC_GENERATE_DEBUGGING_SYMBOLS = NO;
				GCC_INLINES_ARE_PRIVATE_EXTERN = NO;
				GCC_OPTIMIZATION_LEVEL = 3;
				GCC_PREPROCESSOR_DEFINITIONS = (
					"'CMAKE_INTDIR=\"$(CONFIGURATION)$(EFFECTIVE_PLATFORM_NAME)\"'",
					"$(inherited)",
				);
				GCC_SYMBOLS_PRIVATE_EXTERN = NO;
				HEADER_SEARCH_PATHS = (
					/Users/wuming/code/orm_playground/thirdparties/fmt/include,
					"$(inherited)",
				);
				INSTALL_PATH = "";
				LIBRARY_STYLE = STATIC;
				ONLY_ACTIVE_ARCH = NO;
				OTHER_CPLUSPLUSFLAGS = (
					"-DNDEBUG",
					"'-std=c++20'",
				);
				OTHER_LIBTOOLFLAGS = "";
				OTHER_REZFLAGS = "";
				PRODUCT_NAME = fmt;
				SECTORDER_FLAGS = "";
				TARGET_TEMP_DIR = "/Users/wuming/code/orm_playground/xcode_build/build/fmt.build/$(CONFIGURATION)$(EFFECTIVE_PLATFORM_NAME)";
				USE_HEADERMAP = NO;
				WARNING_CFLAGS = "$(inherited)";
			};
			name = Release;
		};
		85FB9EAAE346481EBDBAE37B /* Release */ = {
			isa = XCBuildConfiguration;
			buildSettings = {
				ALWAYS_SEARCH_USER_PATHS = NO;
				ARCHS = arm64;
				COMBINE_HIDPI_IMAGES = YES;
				GCC_GENERATE_DEBUGGING_SYMBOLS = YES;
				GCC_INLINES_ARE_PRIVATE_EXTERN = NO;
				GCC_OPTIMIZATION_LEVEL = 0;
				GCC_PREPROCESSOR_DEFINITIONS = (
					"'CMAKE_INTDIR=\"$(CONFIGURATION)$(EFFECTIVE_PLATFORM_NAME)\"'",
					"$(inherited)",
				);
				GCC_SYMBOLS_PRIVATE_EXTERN = NO;
				INSTALL_PATH = "";
				ONLY_ACTIVE_ARCH = NO;
				OTHER_LDFLAGS = " $(inherited)";
				OTHER_REZFLAGS = "";
				PRODUCT_NAME = ZERO_CHECK;
				SECTORDER_FLAGS = "";
				USE_HEADERMAP = NO;
				WARNING_CFLAGS = "$(inherited)";
			};
			name = Release;
		};
		888D1403CE1E4A9E92303036 /* MinSizeRel */ = {
			isa = XCBuildConfiguration;
			buildSettings = {
				ALWAYS_SEARCH_USER_PATHS = NO;
				ARCHS = arm64;
				COMBINE_HIDPI_IMAGES = YES;
				GCC_GENERATE_DEBUGGING_SYMBOLS = YES;
				GCC_INLINES_ARE_PRIVATE_EXTERN = NO;
				GCC_OPTIMIZATION_LEVEL = 0;
				GCC_PREPROCESSOR_DEFINITIONS = (
					"'CMAKE_INTDIR=\"$(CONFIGURATION)$(EFFECTIVE_PLATFORM_NAME)\"'",
					"$(inherited)",
				);
				GCC_SYMBOLS_PRIVATE_EXTERN = NO;
				INSTALL_PATH = "";
				ONLY_ACTIVE_ARCH = NO;
				OTHER_LDFLAGS = " $(inherited)";
				OTHER_REZFLAGS = "";
				PRODUCT_NAME = ALL_BUILD;
				SECTORDER_FLAGS = "";
				USE_HEADERMAP = NO;
				WARNING_CFLAGS = "$(inherited)";
			};
			name = MinSizeRel;
		};
		8E85DFEE3F8645939C494D37 /* Release */ = {
			isa = XCBuildConfiguration;
			buildSettings = {
				ALWAYS_SEARCH_USER_PATHS = NO;
				ARCHS = arm64;
				COMBINE_HIDPI_IMAGES = YES;
				CONFIGURATION_BUILD_DIR = /Users/wuming/code/orm_playground/xcode_build/Release;
				EXECUTABLE_PREFIX = "";
				EXECUTABLE_SUFFIX = "";
				GCC_GENERATE_DEBUGGING_SYMBOLS = YES;
				GCC_INLINES_ARE_PRIVATE_EXTERN = NO;
				GCC_OPTIMIZATION_LEVEL = 0;
				GCC_PREPROCESSOR_DEFINITIONS = (
					"'CMAKE_INTDIR=\"$(CONFIGURATION)$(EFFECTIVE_PLATFORM_NAME)\"'",
					SQLITE_ENABLE_MATH_FUNCTIONS,
					SQLITE_OMIT_DECLTYPE,
					"'SQLITE_DEFAULT_MEMSTATUS=0'",
					"'SQLITE_DEFAULT_WAL_SYNCHRONOUS=1'",
					"'SQLITE_DQS=0'",
					SQLITE_LIKE_DOESNT_MATCH_BLOBS,
					"'SQLITE_MAX_EXPR_DEPTH=0'",
					SQLITE_OMIT_DEPRECATED,
					SQLITE_OMIT_PROGRESS_CALLBACK,
					SQLITE_OMIT_SHARED_CACHE,
					SQLITE_USE_ALLOCA,
					"$(inherited)",
				);
				GCC_SYMBOLS_PRIVATE_EXTERN = NO;
				HEADER_SEARCH_PATHS = (
					/Users/wuming/code/orm_playground/include,
					/Users/wuming/code/orm_playground/configs,
					/Users/wuming/code/orm_playground/thirdparties/fmt/include,
					"$(inherited)",
				);
				INSTALL_PATH = "";
				ONLY_ACTIVE_ARCH = NO;
				OTHER_CPLUSPLUSFLAGS = (
					"-DNDEBUG",
					"'-std=c++20'",
					"-fno-omit-frame-pointer",
					"'-fsanitize=address'",
					"-fexceptions",
					"'-save-temps=obj'",
				);
				OTHER_LDFLAGS = (
					"-L/opt/homebrew/opt/mysql@8.4/lib",
					"'-fsanitize=address'",
					"-Wl,-search_paths_first",
					"-Wl,-headerpad_max_install_names",
					/Users/wuming/code/orm_playground/xcode_build/thirdparties/fmt/Release/libfmt.a,
					/Users/wuming/code/orm_playground/xcode_build/thirdparties/sqlite3/Release/libsqlite3.a,
					"$(inherited)",
				);
				OTHER_REZFLAGS = "";
				PRODUCT_NAME = orm;
				SECTORDER_FLAGS = "";
				TARGET_TEMP_DIR = "/Users/wuming/code/orm_playground/xcode_build/build/orm.build/$(CONFIGURATION)$(EFFECTIVE_PLATFORM_NAME)";
				USE_HEADERMAP = NO;
				WARNING_CFLAGS = "$(inherited)";
			};
			name = Release;
		};
		92DAF437CEC742399B924F91 /* RelWithDebInfo */ = {
			isa = XCBuildConfiguration;
			buildSettings = {
				ALWAYS_SEARCH_USER_PATHS = NO;
				ARCHS = arm64;
				COMBINE_HIDPI_IMAGES = YES;
				GCC_GENERATE_DEBUGGING_SYMBOLS = YES;
				GCC_INLINES_ARE_PRIVATE_EXTERN = NO;
				GCC_OPTIMIZATION_LEVEL = 0;
				GCC_PREPROCESSOR_DEFINITIONS = (
					"'CMAKE_INTDIR=\"$(CONFIGURATION)$(EFFECTIVE_PLATFORM_NAME)\"'",
					"$(inherited)",
				);
				GCC_SYMBOLS_PRIVATE_EXTERN = NO;
				INSTALL_PATH = "";
				ONLY_ACTIVE_ARCH = NO;
				OTHER_LDFLAGS = " $(inherited)";
				OTHER_REZFLAGS = "";
				PRODUCT_NAME = ALL_BUILD;
				SECTORDER_FLAGS = "";
				USE_HEADERMAP = NO;
				WARNING_CFLAGS = "$(inherited)";
			};
			name = RelWithDebInfo;
		};
		A04F493779A74FE8A75C9A49 /* Debug */ = {
			isa = XCBuildConfiguration;
			buildSettings = {
				ALWAYS_SEARCH_USER_PATHS = NO;
				ARCHS = arm64;
				COMBINE_HIDPI_IMAGES = YES;
				CONFIGURATION_BUILD_DIR = /Users/wuming/code/orm_playground/xcode_build/thirdparties/fmt/Debug;
				EXECUTABLE_PREFIX = lib;
				EXECUTABLE_SUFFIX = .a;
				GCC_GENERATE_DEBUGGING_SYMBOLS = YES;
				GCC_INLINES_ARE_PRIVATE_EXTERN = NO;
				GCC_OPTIMIZATION_LEVEL = 0;
				GCC_PREPROCESSOR_DEFINITIONS = (
					"'CMAKE_INTDIR=\"$(CONFIGURATION)$(EFFECTIVE_PLATFORM_NAME)\"'",
					"$(inherited)",
				);
				GCC_SYMBOLS_PRIVATE_EXTERN = NO;
				HEADER_SEARCH_PATHS = (
					/Users/wuming/code/orm_playground/thirdparties/fmt/include,
					"$(inherited)",
				);
				INSTALL_PATH = "";
				LIBRARY_STYLE = STATIC;
				ONLY_ACTIVE_ARCH = NO;
				OTHER_CPLUSPLUSFLAGS = "   '-std=c++20' ";
				OTHER_LIBTOOLFLAGS = "";
				OTHER_REZFLAGS = "";
				PRODUCT_NAME = fmtd;
				SECTORDER_FLAGS = "";
				TARGET_TEMP_DIR = "/Users/wuming/code/orm_playground/xcode_build/build/fmt.build/$(CONFIGURATION)$(EFFECTIVE_PLATFORM_NAME)";
				USE_HEADERMAP = NO;
				WARNING_CFLAGS = "$(inherited)";
			};
			name = Debug;
		};
		A1CD0823DDE64AB199C37517 /* Release */ = {
			isa = XCBuildConfiguration;
			buildSettings = {
				ALWAYS_SEARCH_USER_PATHS = NO;
				ARCHS = arm64;
				COMBINE_HIDPI_IMAGES = YES;
				CONFIGURATION_BUILD_DIR = /Users/wuming/code/orm_playground/xcode_build/thirdparties/sqlite3/Release;
				EXECUTABLE_PREFIX = lib;
				EXECUTABLE_SUFFIX = .a;
				GCC_GENERATE_DEBUGGING_SYMBOLS = NO;
				GCC_INLINES_ARE_PRIVATE_EXTERN = NO;
				GCC_OPTIMIZATION_LEVEL = 3;
				GCC_PREPROCESSOR_DEFINITIONS = (
					"'CMAKE_INTDIR=\"$(CONFIGURATION)$(EFFECTIVE_PLATFORM_NAME)\"'",
					SQLITE_ENABLE_MATH_FUNCTIONS,
					SQLITE_OMIT_DECLTYPE,
					"'SQLITE_DEFAULT_MEMSTATUS=0'",
					"'SQLITE_DEFAULT_WAL_SYNCHRONOUS=1'",
					"'SQLITE_DQS=0'",
					SQLITE_LIKE_DOESNT_MATCH_BLOBS,
					"'SQLITE_MAX_EXPR_DEPTH=0'",
					SQLITE_OMIT_DEPRECATED,
					SQLITE_OMIT_PROGRESS_CALLBACK,
					SQLITE_OMIT_SHARED_CACHE,
					SQLITE_USE_ALLOCA,
					"$(inherited)",
				);
				GCC_SYMBOLS_PRIVATE_EXTERN = NO;
				INSTALL_PATH = "";
				LIBRARY_STYLE = STATIC;
				ONLY_ACTIVE_ARCH = NO;
				OTHER_CFLAGS = (
					"-DNDEBUG",
					"$(inherited)",
				);
				OTHER_LIBTOOLFLAGS = "";
				OTHER_REZFLAGS = "";
				PRODUCT_NAME = sqlite3;
				SECTORDER_FLAGS = "";
				TARGET_TEMP_DIR = "/Users/wuming/code/orm_playground/xcode_build/build/SQLite3.build/$(CONFIGURATION)$(EFFECTIVE_PLATFORM_NAME)";
				USE_HEADERMAP = NO;
				WARNING_CFLAGS = "$(inherited)";
			};
			name = Release;
		};
		AB293CE9B68D45FD9D6E1477 /* MinSizeRel */ = {
			isa = XCBuildConfiguration;
			buildSettings = {
				ALWAYS_SEARCH_USER_PATHS = NO;
				ARCHS = arm64;
				COMBINE_HIDPI_IMAGES = YES;
				CONFIGURATION_BUILD_DIR = /Users/wuming/code/orm_playground/xcode_build/thirdparties/sqlite3/MinSizeRel;
				EXECUTABLE_PREFIX = lib;
				EXECUTABLE_SUFFIX = .a;
				GCC_GENERATE_DEBUGGING_SYMBOLS = NO;
				GCC_INLINES_ARE_PRIVATE_EXTERN = NO;
				GCC_OPTIMIZATION_LEVEL = s;
				GCC_PREPROCESSOR_DEFINITIONS = (
					"'CMAKE_INTDIR=\"$(CONFIGURATION)$(EFFECTIVE_PLATFORM_NAME)\"'",
					SQLITE_ENABLE_MATH_FUNCTIONS,
					SQLITE_OMIT_DECLTYPE,
					"'SQLITE_DEFAULT_MEMSTATUS=0'",
					"'SQLITE_DEFAULT_WAL_SYNCHRONOUS=1'",
					"'SQLITE_DQS=0'",
					SQLITE_LIKE_DOESNT_MATCH_BLOBS,
					"'SQLITE_MAX_EXPR_DEPTH=0'",
					SQLITE_OMIT_DEPRECATED,
					SQLITE_OMIT_PROGRESS_CALLBACK,
					SQLITE_OMIT_SHARED_CACHE,
					SQLITE_USE_ALLOCA,
					"$(inherited)",
				);
				GCC_SYMBOLS_PRIVATE_EXTERN = NO;
				INSTALL_PATH = "";
				LIBRARY_STYLE = STATIC;
				ONLY_ACTIVE_ARCH = NO;
				OTHER_CFLAGS = (
					"-DNDEBUG",
					"$(inherited)",
				);
				OTHER_LIBTOOLFLAGS = "";
				OTHER_REZFLAGS = "";
				PRODUCT_NAME = sqlite3;
				SECTORDER_FLAGS = "";
				TARGET_TEMP_DIR = "/Users/wuming/code/orm_playground/xcode_build/build/SQLite3.build/$(CONFIGURATION)$(EFFECTIVE_PLATFORM_NAME)";
				USE_HEADERMAP = NO;
				WARNING_CFLAGS = "$(inherited)";
			};
			name = MinSizeRel;
		};
		B27A42F08E774ABA832401A8 /* Debug */ = {
			isa = XCBuildConfiguration;
			buildSettings = {
				ALWAYS_SEARCH_USER_PATHS = NO;
				ARCHS = arm64;
				COMBINE_HIDPI_IMAGES = YES;
				GCC_GENERATE_DEBUGGING_SYMBOLS = YES;
				GCC_INLINES_ARE_PRIVATE_EXTERN = NO;
				GCC_OPTIMIZATION_LEVEL = 0;
				GCC_PREPROCESSOR_DEFINITIONS = (
					"'CMAKE_INTDIR=\"$(CONFIGURATION)$(EFFECTIVE_PLATFORM_NAME)\"'",
					"$(inherited)",
				);
				GCC_SYMBOLS_PRIVATE_EXTERN = NO;
				INSTALL_PATH = "";
				ONLY_ACTIVE_ARCH = NO;
				OTHER_LDFLAGS = " $(inherited)";
				OTHER_REZFLAGS = "";
				PRODUCT_NAME = ZERO_CHECK;
				SECTORDER_FLAGS = "";
				USE_HEADERMAP = NO;
				WARNING_CFLAGS = "$(inherited)";
			};
			name = Debug;
		};
		B63FA7AF476E48A1AA7198EF /* MinSizeRel */ = {
			isa = XCBuildConfiguration;
			buildSettings = {
				ALWAYS_SEARCH_USER_PATHS = NO;
				ARCHS = arm64;
				COMBINE_HIDPI_IMAGES = YES;
				CONFIGURATION_BUILD_DIR = /Users/wuming/code/orm_playground/xcode_build/thirdparties/fmt/MinSizeRel;
				EXECUTABLE_PREFIX = lib;
				EXECUTABLE_SUFFIX = .a;
				GCC_GENERATE_DEBUGGING_SYMBOLS = NO;
				GCC_INLINES_ARE_PRIVATE_EXTERN = NO;
				GCC_OPTIMIZATION_LEVEL = s;
				GCC_PREPROCESSOR_DEFINITIONS = (
					"'CMAKE_INTDIR=\"$(CONFIGURATION)$(EFFECTIVE_PLATFORM_NAME)\"'",
					"$(inherited)",
				);
				GCC_SYMBOLS_PRIVATE_EXTERN = NO;
				HEADER_SEARCH_PATHS = (
					/Users/wuming/code/orm_playground/thirdparties/fmt/include,
					"$(inherited)",
				);
				INSTALL_PATH = "";
				LIBRARY_STYLE = STATIC;
				ONLY_ACTIVE_ARCH = NO;
				OTHER_CPLUSPLUSFLAGS = (
					"-DNDEBUG",
					"'-std=c++20'",
				);
				OTHER_LIBTOOLFLAGS = "";
				OTHER_REZFLAGS = "";
				PRODUCT_NAME = fmt;
				SECTORDER_FLAGS = "";
				TARGET_TEMP_DIR = "/Users/wuming/code/orm_playground/xcode_build/build/fmt.build/$(CONFIGURATION)$(EFFECTIVE_PLATFORM_NAME)";
				USE_HEADERMAP = NO;
				WARNING_CFLAGS = "$(inherited)";
			};
			name = MinSizeRel;
		};
		B700669E6F5B4D4BB1F3ED2F /* RelWithDebInfo */ = {
			isa = XCBuildConfiguration;
			buildSettings = {
				ALWAYS_SEARCH_USER_PATHS = NO;
				ARCHS = arm64;
				COMBINE_HIDPI_IMAGES = YES;
				CONFIGURATION_BUILD_DIR = /Users/wuming/code/orm_playground/xcode_build/thirdparties/fmt/RelWithDebInfo;
				EXECUTABLE_PREFIX = lib;
				EXECUTABLE_SUFFIX = .a;
				GCC_GENERATE_DEBUGGING_SYMBOLS = YES;
				GCC_INLINES_ARE_PRIVATE_EXTERN = NO;
				GCC_OPTIMIZATION_LEVEL = 2;
				GCC_PREPROCESSOR_DEFINITIONS = (
					"'CMAKE_INTDIR=\"$(CONFIGURATION)$(EFFECTIVE_PLATFORM_NAME)\"'",
					"$(inherited)",
				);
				GCC_SYMBOLS_PRIVATE_EXTERN = NO;
				HEADER_SEARCH_PATHS = (
					/Users/wuming/code/orm_playground/thirdparties/fmt/include,
					"$(inherited)",
				);
				INSTALL_PATH = "";
				LIBRARY_STYLE = STATIC;
				ONLY_ACTIVE_ARCH = NO;
				OTHER_CPLUSPLUSFLAGS = (
					"-DNDEBUG",
					"'-std=c++20'",
				);
				OTHER_LIBTOOLFLAGS = "";
				OTHER_REZFLAGS = "";
				PRODUCT_NAME = fmt;
				SECTORDER_FLAGS = "";
				TARGET_TEMP_DIR = "/Users/wuming/code/orm_playground/xcode_build/build/fmt.build/$(CONFIGURATION)$(EFFECTIVE_PLATFORM_NAME)";
				USE_HEADERMAP = NO;
				WARNING_CFLAGS = "$(inherited)";
			};
			name = RelWithDebInfo;
		};
		C3B1A4EED76D4452BDD3F40D /* Release */ = {
			isa = XCBuildConfiguration;
			buildSettings = {
				ALWAYS_SEARCH_USER_PATHS = NO;
				ARCHS = arm64;
				COMBINE_HIDPI_IMAGES = YES;
				GCC_GENERATE_DEBUGGING_SYMBOLS = YES;
				GCC_INLINES_ARE_PRIVATE_EXTERN = NO;
				GCC_OPTIMIZATION_LEVEL = 0;
				GCC_PREPROCESSOR_DEFINITIONS = (
					"'CMAKE_INTDIR=\"$(CONFIGURATION)$(EFFECTIVE_PLATFORM_NAME)\"'",
					"$(inherited)",
				);
				GCC_SYMBOLS_PRIVATE_EXTERN = NO;
				INSTALL_PATH = "";
				ONLY_ACTIVE_ARCH = NO;
				OTHER_LDFLAGS = " $(inherited)";
				OTHER_REZFLAGS = "";
				PRODUCT_NAME = ALL_BUILD;
				SECTORDER_FLAGS = "";
				USE_HEADERMAP = NO;
				WARNING_CFLAGS = "$(inherited)";
			};
			name = Release;
		};
		D121E612718D4C2D8135C714 /* Release */ = {
			isa = XCBuildConfiguration;
			buildSettings = {
				ARCHS = arm64;
				MACOSX_DEPLOYMENT_TARGET = 14.5;
				SDKROOT = /Applications/Xcode.app/Contents/Developer/Platforms/MacOSX.platform/Developer/SDKs/MacOSX15.2.sdk;
				SWIFT_COMPILATION_MODE = wholemodule;
				SYMROOT = /Users/wuming/code/orm_playground/xcode_build/build;
			};
			name = Release;
		};
		DBC289F8E43B448C9D3D105D /* Debug */ = {
			isa = XCBuildConfiguration;
			buildSettings = {
				ARCHS = arm64;
				MACOSX_DEPLOYMENT_TARGET = 14.5;
				SDKROOT = /Applications/Xcode.app/Contents/Developer/Platforms/MacOSX.platform/Developer/SDKs/MacOSX15.2.sdk;
				SYMROOT = /Users/wuming/code/orm_playground/xcode_build/build;
			};
			name = Debug;
		};
		E2DB8BCBBFC64F4C84FB5722 /* Release */ = {
			isa = XCBuildConfiguration;
			buildSettings = {
				ALWAYS_SEARCH_USER_PATHS = NO;
				ARCHS = arm64;
				COMBINE_HIDPI_IMAGES = YES;
				GCC_GENERATE_DEBUGGING_SYMBOLS = YES;
				GCC_INLINES_ARE_PRIVATE_EXTERN = NO;
				GCC_OPTIMIZATION_LEVEL = 0;
				GCC_PREPROCESSOR_DEFINITIONS = (
					"'CMAKE_INTDIR=\"$(CONFIGURATION)$(EFFECTIVE_PLATFORM_NAME)\"'",
					"$(inherited)",
				);
				GCC_SYMBOLS_PRIVATE_EXTERN = NO;
				INSTALL_PATH = "";
				ONLY_ACTIVE_ARCH = NO;
				OTHER_LDFLAGS = " $(inherited)";
				OTHER_REZFLAGS = "";
				PRODUCT_NAME = install;
				SECTORDER_FLAGS = "";
				USE_HEADERMAP = NO;
				WARNING_CFLAGS = "$(inherited)";
			};
			name = Release;
		};
		E44F32A0034D45D68D68DAC6 /* Debug */ = {
			isa = XCBuildConfiguration;
			buildSettings = {
				ALWAYS_SEARCH_USER_PATHS = NO;
				ARCHS = arm64;
				COMBINE_HIDPI_IMAGES = YES;
				GCC_GENERATE_DEBUGGING_SYMBOLS = YES;
				GCC_INLINES_ARE_PRIVATE_EXTERN = NO;
				GCC_OPTIMIZATION_LEVEL = 0;
				GCC_PREPROCESSOR_DEFINITIONS = (
					"'CMAKE_INTDIR=\"$(CONFIGURATION)$(EFFECTIVE_PLATFORM_NAME)\"'",
					"$(inherited)",
				);
				GCC_SYMBOLS_PRIVATE_EXTERN = NO;
				INSTALL_PATH = "";
				ONLY_ACTIVE_ARCH = NO;
				OTHER_LDFLAGS = " $(inherited)";
				OTHER_REZFLAGS = "";
				PRODUCT_NAME = ALL_BUILD;
				SECTORDER_FLAGS = "";
				USE_HEADERMAP = NO;
				WARNING_CFLAGS = "$(inherited)";
			};
			name = Debug;
		};
		F93908237CD6493BAC7754DC /* MinSizeRel */ = {
			isa = XCBuildConfiguration;
			buildSettings = {
				ALWAYS_SEARCH_USER_PATHS = NO;
				ARCHS = arm64;
				COMBINE_HIDPI_IMAGES = YES;
				GCC_GENERATE_DEBUGGING_SYMBOLS = YES;
				GCC_INLINES_ARE_PRIVATE_EXTERN = NO;
				GCC_OPTIMIZATION_LEVEL = 0;
				GCC_PREPROCESSOR_DEFINITIONS = (
					"'CMAKE_INTDIR=\"$(CONFIGURATION)$(EFFECTIVE_PLATFORM_NAME)\"'",
					"$(inherited)",
				);
				GCC_SYMBOLS_PRIVATE_EXTERN = NO;
				INSTALL_PATH = "";
				ONLY_ACTIVE_ARCH = NO;
				OTHER_LDFLAGS = " $(inherited)";
				OTHER_REZFLAGS = "";
				PRODUCT_NAME = install;
				SECTORDER_FLAGS = "";
				USE_HEADERMAP = NO;
				WARNING_CFLAGS = "$(inherited)";
			};
			name = MinSizeRel;
		};
		FC5A002BF46D4136892C51FA /* Debug */ = {
			isa = XCBuildConfiguration;
			buildSettings = {
				ALWAYS_SEARCH_USER_PATHS = NO;
				ARCHS = arm64;
				COMBINE_HIDPI_IMAGES = YES;
				GCC_GENERATE_DEBUGGING_SYMBOLS = YES;
				GCC_INLINES_ARE_PRIVATE_EXTERN = NO;
				GCC_OPTIMIZATION_LEVEL = 0;
				GCC_PREPROCESSOR_DEFINITIONS = (
					"'CMAKE_INTDIR=\"$(CONFIGURATION)$(EFFECTIVE_PLATFORM_NAME)\"'",
					"$(inherited)",
				);
				GCC_SYMBOLS_PRIVATE_EXTERN = NO;
				INSTALL_PATH = "";
				ONLY_ACTIVE_ARCH = NO;
				OTHER_LDFLAGS = " $(inherited)";
				OTHER_REZFLAGS = "";
				PRODUCT_NAME = install;
				SECTORDER_FLAGS = "";
				USE_HEADERMAP = NO;
				WARNING_CFLAGS = "$(inherited)";
			};
			name = Debug;
		};
/* End XCBuildConfiguration section */

/* Begin XCConfigurationList section */
		2168354B05994B18BBFD92F5 /* Build configuration list for PBXAggregateTarget "install" */ = {
			isa = XCConfigurationList;
			buildConfigurations = (
				FC5A002BF46D4136892C51FA /* Debug */,
				E2DB8BCBBFC64F4C84FB5722 /* Release */,
				F93908237CD6493BAC7754DC /* MinSizeRel */,
				33CA945860194B7F831B4C19 /* RelWithDebInfo */,
			);
			defaultConfigurationIsVisible = 0;
			defaultConfigurationName = Debug;
		};
		458D56638C9149178F67CD1E /* Build configuration list for PBXNativeTarget "fmt" */ = {
			isa = XCConfigurationList;
			buildConfigurations = (
				A04F493779A74FE8A75C9A49 /* Debug */,
				8584D20ED9E248738D7B2683 /* Release */,
				B63FA7AF476E48A1AA7198EF /* MinSizeRel */,
				B700669E6F5B4D4BB1F3ED2F /* RelWithDebInfo */,
			);
			defaultConfigurationIsVisible = 0;
			defaultConfigurationName = Debug;
		};
		5168D7D5032A406B9D286221 /* Build configuration list for PBXAggregateTarget "ZERO_CHECK" */ = {
			isa = XCConfigurationList;
			buildConfigurations = (
				B27A42F08E774ABA832401A8 /* Debug */,
				85FB9EAAE346481EBDBAE37B /* Release */,
				0EF22F56F1E24ECF85FDF24B /* MinSizeRel */,
				45E954FEFCB240FA9C4A3EB1 /* RelWithDebInfo */,
			);
			defaultConfigurationIsVisible = 0;
			defaultConfigurationName = Debug;
		};
		54C8BC66FB704EEEA9FC37E7 /* Build configuration list for PBXProject "orm" */ = {
			isa = XCConfigurationList;
			buildConfigurations = (
				DBC289F8E43B448C9D3D105D /* Debug */,
				D121E612718D4C2D8135C714 /* Release */,
				1E24DBFC3CDE4F4B864D2639 /* MinSizeRel */,
				1199668D53C247BA99A4170E /* RelWithDebInfo */,
			);
			defaultConfigurationIsVisible = 0;
			defaultConfigurationName = Debug;
		};
		56AD60A6C4B24E1A9E9A299B /* Build configuration list for PBXNativeTarget "SQLite3" */ = {
			isa = XCConfigurationList;
			buildConfigurations = (
				3472C871AF0F45C29E72FA48 /* Debug */,
				A1CD0823DDE64AB199C37517 /* Release */,
				AB293CE9B68D45FD9D6E1477 /* MinSizeRel */,
				297B25D8DB35468FB64F7901 /* RelWithDebInfo */,
			);
			defaultConfigurationIsVisible = 0;
			defaultConfigurationName = Debug;
		};
		8B24EB824C5C4328BDA78826 /* Build configuration list for PBXAggregateTarget "ALL_BUILD" */ = {
			isa = XCConfigurationList;
			buildConfigurations = (
				E44F32A0034D45D68D68DAC6 /* Debug */,
				C3B1A4EED76D4452BDD3F40D /* Release */,
				888D1403CE1E4A9E92303036 /* MinSizeRel */,
				92DAF437CEC742399B924F91 /* RelWithDebInfo */,
			);
			defaultConfigurationIsVisible = 0;
			defaultConfigurationName = Debug;
		};
		F1683423814F4EC7A67DA6A2 /* Build configuration list for PBXNativeTarget "orm" */ = {
			isa = XCConfigurationList;
			buildConfigurations = (
				7C842397FC9544D4B24348AA /* Debug */,
				8E85DFEE3F8645939C494D37 /* Release */,
				2F397713A9524872990C782C /* MinSizeRel */,
				066FB5A32B884EDCAE6A459C /* RelWithDebInfo */,
			);
			defaultConfigurationIsVisible = 0;
			defaultConfigurationName = Debug;
		};
/* End XCConfigurationList section */
	};
	rootObject = 5A660AF3CB624A4D8824E829 /* Project object */;
}
