// !$*UTF8*$!
{
	archiveVersion = 1;
	classes = {
	};
	objectVersion = 46;
	objects = {

/* Begin PBXAggregateTarget section */
		1D0CEB9696A824BD76546AB4 /* ZERO_CHECK */ = {
			isa = PBXAggregateTarget;
			buildConfigurationList = 779382ABA9B34A09BF434170 /* Build configuration list for PBXAggregateTarget "ZERO_CHECK" */;
			buildPhases = (
				0D438CFC28923CB86BA3960F /* Generate CMakeFiles/ZERO_CHECK */,
			);
			dependencies = (
			);
			name = ZERO_CHECK;
			productName = ZERO_CHECK;
		};
		ED4B086FD160F3ED945CC29E /* ALL_BUILD */ = {
			isa = PBXAggregateTarget;
			buildConfigurationList = 641485DCD53C49739749EE09 /* Build configuration list for PBXAggregateTarget "ALL_BUILD" */;
			buildPhases = (
				9E1FD1C7B9198AB544DE1A95 /* Generate CMakeFiles/ALL_BUILD */,
			);
			dependencies = (
				66DE58AE3E294332A7086766 /* PBXTargetDependency */,
				CFE22AB3855F4153AAA89E9E /* PBXTargetDependency */,
			);
			name = ALL_BUILD;
			productName = ALL_BUILD;
		};
		F6211E0DB70E27FB37F3F5C4 /* install */ = {
			isa = PBXAggregateTarget;
			buildConfigurationList = 7EC5EF3B51874095B1A7F40F /* Build configuration list for PBXAggregateTarget "install" */;
			buildPhases = (
				93426DA6A4AC2C2AC9CE883C /* CMake PostBuild Rules */,
			);
			dependencies = (
				19CBF60908DC4438A1270BC8 /* PBXTargetDependency */,
			);
			name = install;
			productName = install;
		};
/* End PBXAggregateTarget section */

/* Begin PBXBuildFile section */
		A3042CB246054C448236BC54 /* /Users/wuming/code/orm_playground/thirdparties/sqlite3/sqlite3.c */ = {isa = PBXBuildFile; fileRef = 899F104D0F244BBEBF0C2D60 /* /Users/wuming/code/orm_playground/thirdparties/sqlite3/sqlite3.c */; };
		E129123FBA7D43B4A39F039E /* /Users/wuming/code/orm_playground/thirdparties/sqlite3/CMakeLists.txt */ = {isa = PBXBuildFile; fileRef = FE309670B89E4479BFB98A5D /* /Users/wuming/code/orm_playground/thirdparties/sqlite3/CMakeLists.txt */; };
/* End PBXBuildFile section */

/* Begin PBXBuildStyle section */
		6CD47EF85D024BC19E691E9D /* Release */ = {
			isa = PBXBuildStyle;
			buildSettings = {
				COPY_PHASE_STRIP = NO;
			};
			name = Release;
		};
		958240D1AD2E4C1F92771DE1 /* Debug */ = {
			isa = PBXBuildStyle;
			buildSettings = {
				COPY_PHASE_STRIP = NO;
			};
			name = Debug;
		};
		DBA776184514478F8833665D /* MinSizeRel */ = {
			isa = PBXBuildStyle;
			buildSettings = {
				COPY_PHASE_STRIP = NO;
			};
			name = MinSizeRel;
		};
		FC52D7C2496D41E19F94C4B7 /* RelWithDebInfo */ = {
			isa = PBXBuildStyle;
			buildSettings = {
				COPY_PHASE_STRIP = NO;
			};
			name = RelWithDebInfo;
		};
/* End PBXBuildStyle section */

/* Begin PBXContainerItemProxy section */
		37CE782BEDF14FB88B9B19B0 /* PBXContainerItemProxy */ = {
			isa = PBXContainerItemProxy;
			containerPortal = 904788EA5C9B43B582ADFFAE /* Project object */;
			proxyType = 1;
			remoteGlobalIDString = 1D0CEB9696A824BD76546AB4;
			remoteInfo = ZERO_CHECK;
		};
		6CD2FB7DAE2C4EA1A5EF2B3D /* PBXContainerItemProxy */ = {
			isa = PBXContainerItemProxy;
			containerPortal = 904788EA5C9B43B582ADFFAE /* Project object */;
			proxyType = 1;
			remoteGlobalIDString = 034F8AC5A2240DAF72ED2FCE;
			remoteInfo = SQLite3;
		};
		87901B8D02F94FE2B564071C /* PBXContainerItemProxy */ = {
			isa = PBXContainerItemProxy;
			containerPortal = 904788EA5C9B43B582ADFFAE /* Project object */;
			proxyType = 1;
			remoteGlobalIDString = 1D0CEB9696A824BD76546AB4;
			remoteInfo = ZERO_CHECK;
		};
		B4BD7D95BB55448099231D93 /* PBXContainerItemProxy */ = {
			isa = PBXContainerItemProxy;
			containerPortal = 904788EA5C9B43B582ADFFAE /* Project object */;
			proxyType = 1;
			remoteGlobalIDString = ED4B086FD160F3ED945CC29E;
			remoteInfo = ALL_BUILD;
		};
/* End PBXContainerItemProxy section */

/* Begin PBXFileReference section */
		35995A720FB64F2E99CE51DA /* SQLite3 */ = {isa = PBXFileReference; explicitFileType = archive.ar; path = libsqlite3d.a; sourceTree = BUILT_PRODUCTS_DIR; };
		899F104D0F244BBEBF0C2D60 /* /Users/wuming/code/orm_playground/thirdparties/sqlite3/sqlite3.c */ = {isa = PBXFileReference; explicitFileType = sourcecode.c.c; fileEncoding = 4; name = sqlite3.c; path = sqlite3.c; sourceTree = SOURCE_ROOT; };
		905F766A591A4BAFBDA3774F /* /Users/wuming/code/orm_playground/thirdparties/sqlite3/CMakeLists.txt */ = {isa = PBXFileReference; explicitFileType = sourcecode.text; fileEncoding = 4; name = CMakeLists.txt; path = CMakeLists.txt; sourceTree = SOURCE_ROOT; };
		FE309670B89E4479BFB98A5D /* /Users/wuming/code/orm_playground/thirdparties/sqlite3/CMakeLists.txt */ = {isa = PBXFileReference; explicitFileType = sourcecode.text; fileEncoding = 4; name = CMakeLists.txt; path = CMakeLists.txt; sourceTree = SOURCE_ROOT; };
/* End PBXFileReference section */

/* Begin PBXFrameworksBuildPhase section */
		FA51F0D7288F467A8FD7EF18 /* Frameworks */ = {
			isa = PBXFrameworksBuildPhase;
			buildActionMask = 2147483647;
			files = (
			);
			runOnlyForDeploymentPostprocessing = 0;
		};
/* End PBXFrameworksBuildPhase section */

/* Begin PBXGroup section */
		59BD0C83BBF14A79876859DF /* Source Files */ = {
			isa = PBXGroup;
			children = (
				899F104D0F244BBEBF0C2D60 /* /Users/wuming/code/orm_playground/thirdparties/sqlite3/sqlite3.c */,
			);
			name = "Source Files";
			sourceTree = "<group>";
		};
		6369D55EBBDC4673AE156FC1 /* Resources */ = {
			isa = PBXGroup;
			children = (
			);
			name = Resources;
			sourceTree = "<group>";
		};
		6DE6CEF8988045E996994209 /* Products */ = {
			isa = PBXGroup;
			children = (
				35995A720FB64F2E99CE51DA /* SQLite3 */,
			);
			name = Products;
			sourceTree = "<group>";
		};
		AAC50C0F4EFF4B498A41DB8E /* ALL_BUILD */ = {
			isa = PBXGroup;
			children = (
				B5D1667D618E4CB89F4411E1 /* CMake Rules */,
				905F766A591A4BAFBDA3774F /* /Users/wuming/code/orm_playground/thirdparties/sqlite3/CMakeLists.txt */,
			);
			name = ALL_BUILD;
			sourceTree = "<group>";
		};
		B5D1667D618E4CB89F4411E1 /* CMake Rules */ = {
			isa = PBXGroup;
			children = (
			);
			name = "CMake Rules";
			sourceTree = "<group>";
		};
		E48A987812874E4F9C10945A = {
			isa = PBXGroup;
			children = (
				EF196536A1624C44ABE2EB3C /* SQLite3 */,
				AAC50C0F4EFF4B498A41DB8E /* ALL_BUILD */,
				6DE6CEF8988045E996994209 /* Products */,
				FBEBB4C1A4064EB8BFFE8B01 /* Frameworks */,
				6369D55EBBDC4673AE156FC1 /* Resources */,
			);
			sourceTree = "<group>";
		};
		EF196536A1624C44ABE2EB3C /* SQLite3 */ = {
			isa = PBXGroup;
			children = (
				59BD0C83BBF14A79876859DF /* Source Files */,
				FE309670B89E4479BFB98A5D /* /Users/wuming/code/orm_playground/thirdparties/sqlite3/CMakeLists.txt */,
			);
			name = SQLite3;
			sourceTree = "<group>";
		};
		FBEBB4C1A4064EB8BFFE8B01 /* Frameworks */ = {
			isa = PBXGroup;
			children = (
			);
			name = Frameworks;
			sourceTree = "<group>";
		};
/* End PBXGroup section */

/* Begin PBXNativeTarget section */
		034F8AC5A2240DAF72ED2FCE /* SQLite3 */ = {
			isa = PBXNativeTarget;
			buildConfigurationList = C4F222DA107642699A2DE926 /* Build configuration list for PBXNativeTarget "SQLite3" */;
			buildPhases = (
				A0966D63D942459E8BF14E5C /* Sources */,
				FA51F0D7288F467A8FD7EF18 /* Frameworks */,
			);
			buildRules = (
			);
			dependencies = (
				EBC0B2DEC22E4EB0B87868D1 /* PBXTargetDependency */,
			);
			name = SQLite3;
			productName = SQLite3;
			productReference = 35995A720FB64F2E99CE51DA /* SQLite3 */;
			productType = "com.apple.product-type.library.static";
		};
/* End PBXNativeTarget section */

/* Begin PBXProject section */
		904788EA5C9B43B582ADFFAE /* Project object */ = {
			isa = PBXProject;
			attributes = {
				BuildIndependentTargetsInParallel = YES;
				LastUpgradeCheck = 1620;
			};
			buildConfigurationList = 7F550503CA7B415699C206AB /* Build configuration list for PBXProject "SQLite3" */;
			buildSettings = {
			};
			buildStyles = (
				958240D1AD2E4C1F92771DE1 /* Debug */,
				6CD47EF85D024BC19E691E9D /* Release */,
				DBA776184514478F8833665D /* MinSizeRel */,
				FC52D7C2496D41E19F94C4B7 /* RelWithDebInfo */,
			);
			compatibilityVersion = "Xcode 3.2";
			hasScannedForEncodings = 0;
			mainGroup = E48A987812874E4F9C10945A;
			projectDirPath = /Users/wuming/code/orm_playground/thirdparties/sqlite3;
			projectRoot = "";
			targets = (
				ED4B086FD160F3ED945CC29E /* ALL_BUILD */,
				034F8AC5A2240DAF72ED2FCE /* SQLite3 */,
				1D0CEB9696A824BD76546AB4 /* ZERO_CHECK */,
				F6211E0DB70E27FB37F3F5C4 /* install */,
			);
		};
/* End PBXProject section */

/* Begin PBXShellScriptBuildPhase section */
		0D438CFC28923CB86BA3960F /* Generate CMakeFiles/ZERO_CHECK */ = {
			isa = PBXShellScriptBuildPhase;
			alwaysOutOfDate = 1;
			buildActionMask = 2147483647;
			files = (
			);
			inputPaths = (
			);
			name = "Generate CMakeFiles/ZERO_CHECK";
			outputPaths = (
/Users/wuming/code/orm_playground/xcode_build/thirdparties/sqlite3/CMakeFiles/ZERO_CHECK			);
			runOnlyForDeploymentPostprocessing = 0;
			shellPath = /bin/sh;
			shellScript = "set -e
if test \"$CONFIGURATION\" = \"Debug\"; then :
  cd /Users/wuming/code/orm_playground/xcode_build/thirdparties/sqlite3
  make -f /Users/wuming/code/orm_playground/xcode_build/thirdparties/sqlite3/CMakeScripts/ReRunCMake.make
fi
if test \"$CONFIGURATION\" = \"Release\"; then :
  cd /Users/wuming/code/orm_playground/xcode_build/thirdparties/sqlite3
  make -f /Users/wuming/code/orm_playground/xcode_build/thirdparties/sqlite3/CMakeScripts/ReRunCMake.make
fi
if test \"$CONFIGURATION\" = \"MinSizeRel\"; then :
  cd /Users/wuming/code/orm_playground/xcode_build/thirdparties/sqlite3
  make -f /Users/wuming/code/orm_playground/xcode_build/thirdparties/sqlite3/CMakeScripts/ReRunCMake.make
fi
if test \"$CONFIGURATION\" = \"RelWithDebInfo\"; then :
  cd /Users/wuming/code/orm_playground/xcode_build/thirdparties/sqlite3
  make -f /Users/wuming/code/orm_playground/xcode_build/thirdparties/sqlite3/CMakeScripts/ReRunCMake.make
fi
";
			showEnvVarsInLog = 0;
		};
		3C0110FC8322DE7E50886E21 = {
			isa = PBXShellScriptBuildPhase;
			buildActionMask = 2147483647;
			files = (
			);
			inputPaths = (
			);
			outputPaths = (
			);
			runOnlyForDeploymentPostprocessing = 0;
			shellPath = /bin/sh;
			shellScript = "# shell script goes here
exit 0";
			showEnvVarsInLog = 0;
		};
		87AF4882E018677E2624B544 = {
			isa = PBXShellScriptBuildPhase;
			buildActionMask = 2147483647;
			files = (
			);
			inputPaths = (
			);
			outputPaths = (
			);
			runOnlyForDeploymentPostprocessing = 0;
			shellPath = /bin/sh;
			shellScript = "# shell script goes here
exit 0";
			showEnvVarsInLog = 0;
		};
		93426DA6A4AC2C2AC9CE883C /* CMake PostBuild Rules */ = {
			isa = PBXShellScriptBuildPhase;
			alwaysOutOfDate = 1;
			buildActionMask = 2147483647;
			files = (
			);
			name = "CMake PostBuild Rules";
			outputPaths = (
			);
			runOnlyForDeploymentPostprocessing = 0;
			shellPath = /bin/sh;
			shellScript = "set -e
if test \"$CONFIGURATION\" = \"Debug\"; then :
  cd /Users/wuming/code/orm_playground/xcode_build/thirdparties/sqlite3
  /opt/homebrew/bin/cmake -DBUILD_TYPE=$CONFIGURATION$EFFECTIVE_PLATFORM_NAME -P cmake_install.cmake
fi
if test \"$CONFIGURATION\" = \"Release\"; then :
  cd /Users/wuming/code/orm_playground/xcode_build/thirdparties/sqlite3
  /opt/homebrew/bin/cmake -DBUILD_TYPE=$CONFIGURATION$EFFECTIVE_PLATFORM_NAME -P cmake_install.cmake
fi
if test \"$CONFIGURATION\" = \"MinSizeRel\"; then :
  cd /Users/wuming/code/orm_playground/xcode_build/thirdparties/sqlite3
  /opt/homebrew/bin/cmake -DBUILD_TYPE=$CONFIGURATION$EFFECTIVE_PLATFORM_NAME -P cmake_install.cmake
fi
if test \"$CONFIGURATION\" = \"RelWithDebInfo\"; then :
  cd /Users/wuming/code/orm_playground/xcode_build/thirdparties/sqlite3
  /opt/homebrew/bin/cmake -DBUILD_TYPE=$CONFIGURATION$EFFECTIVE_PLATFORM_NAME -P cmake_install.cmake
fi
";
			showEnvVarsInLog = 0;
		};
		9B50530E35CC49C82C2FACCF = {
			isa = PBXShellScriptBuildPhase;
			buildActionMask = 2147483647;
			files = (
			);
			inputPaths = (
			);
			outputPaths = (
			);
			runOnlyForDeploymentPostprocessing = 0;
			shellPath = /bin/sh;
			shellScript = "# shell script goes here
exit 0";
			showEnvVarsInLog = 0;
		};
		9E1FD1C7B9198AB544DE1A95 /* Generate CMakeFiles/ALL_BUILD */ = {
			isa = PBXShellScriptBuildPhase;
			alwaysOutOfDate = 1;
			buildActionMask = 2147483647;
			files = (
			);
			inputPaths = (
			);
			name = "Generate CMakeFiles/ALL_BUILD";
			outputPaths = (
/Users/wuming/code/orm_playground/xcode_build/thirdparties/sqlite3/CMakeFiles/ALL_BUILD			);
			runOnlyForDeploymentPostprocessing = 0;
			shellPath = /bin/sh;
			shellScript = "set -e
if test \"$CONFIGURATION\" = \"Debug\"; then :
  cd /Users/wuming/code/orm_playground/xcode_build/thirdparties/sqlite3
  echo Build\\ all\\ projects
fi
if test \"$CONFIGURATION\" = \"Release\"; then :
  cd /Users/wuming/code/orm_playground/xcode_build/thirdparties/sqlite3
  echo Build\\ all\\ projects
fi
if test \"$CONFIGURATION\" = \"MinSizeRel\"; then :
  cd /Users/wuming/code/orm_playground/xcode_build/thirdparties/sqlite3
  echo Build\\ all\\ projects
fi
if test \"$CONFIGURATION\" = \"RelWithDebInfo\"; then :
  cd /Users/wuming/code/orm_playground/xcode_build/thirdparties/sqlite3
  echo Build\\ all\\ projects
fi
";
			showEnvVarsInLog = 0;
		};
/* End PBXShellScriptBuildPhase section */

/* Begin PBXSourcesBuildPhase section */
		A0966D63D942459E8BF14E5C /* Sources */ = {
			isa = PBXSourcesBuildPhase;
			buildActionMask = 2147483647;
			files = (
				A3042CB246054C448236BC54 /* /Users/wuming/code/orm_playground/thirdparties/sqlite3/sqlite3.c */,
			);
			runOnlyForDeploymentPostprocessing = 0;
		};
/* End PBXSourcesBuildPhase section */

/* Begin PBXTargetDependency section */
		19CBF60908DC4438A1270BC8 /* PBXTargetDependency */ = {
			isa = PBXTargetDependency;
			target = ED4B086FD160F3ED945CC29E /* ALL_BUILD */;
			targetProxy = B4BD7D95BB55448099231D93 /* PBXContainerItemProxy */;
		};
		66DE58AE3E294332A7086766 /* PBXTargetDependency */ = {
			isa = PBXTargetDependency;
			target = 034F8AC5A2240DAF72ED2FCE /* SQLite3 */;
			targetProxy = 6CD2FB7DAE2C4EA1A5EF2B3D /* PBXContainerItemProxy */;
		};
		CFE22AB3855F4153AAA89E9E /* PBXTargetDependency */ = {
			isa = PBXTargetDependency;
			target = 1D0CEB9696A824BD76546AB4 /* ZERO_CHECK */;
			targetProxy = 87901B8D02F94FE2B564071C /* PBXContainerItemProxy */;
		};
		EBC0B2DEC22E4EB0B87868D1 /* PBXTargetDependency */ = {
			isa = PBXTargetDependency;
			target = 1D0CEB9696A824BD76546AB4 /* ZERO_CHECK */;
			targetProxy = 37CE782BEDF14FB88B9B19B0 /* PBXContainerItemProxy */;
		};
/* End PBXTargetDependency section */

/* Begin XCBuildConfiguration section */
		1316C08964314315A2143A1E /* RelWithDebInfo */ = {
			isa = XCBuildConfiguration;
			buildSettings = {
				ALWAYS_SEARCH_USER_PATHS = NO;
				ARCHS = arm64;
				COMBINE_HIDPI_IMAGES = YES;
				GCC_GENERATE_DEBUGGING_SYMBOLS = YES;
				GCC_INLINES_ARE_PRIVATE_EXTERN = NO;
				GCC_OPTIMIZATION_LEVEL = 0;
				GCC_PREPROCESSOR_DEFINITIONS = ("'CMAKE_INTDIR=\"$(CONFIGURATION)$(EFFECTIVE_PLATFORM_NAME)\"'","$(inherited)");
				GCC_SYMBOLS_PRIVATE_EXTERN = NO;
				INSTALL_PATH = "";
				ONLY_ACTIVE_ARCH = NO;
				OTHER_LDFLAGS = ("","$(inherited)");
				OTHER_REZFLAGS = "";
				PRODUCT_NAME = install;
				SECTORDER_FLAGS = "";
				USE_HEADERMAP = NO;
				WARNING_CFLAGS = ("$(inherited)");
			};
			name = RelWithDebInfo;
		};
		3078044B4D884F6F9849205E /* MinSizeRel */ = {
			isa = XCBuildConfiguration;
			buildSettings = {
				ALWAYS_SEARCH_USER_PATHS = NO;
				ARCHS = arm64;
				COMBINE_HIDPI_IMAGES = YES;
				GCC_GENERATE_DEBUGGING_SYMBOLS = YES;
				GCC_INLINES_ARE_PRIVATE_EXTERN = NO;
				GCC_OPTIMIZATION_LEVEL = 0;
				GCC_PREPROCESSOR_DEFINITIONS = ("'CMAKE_INTDIR=\"$(CONFIGURATION)$(EFFECTIVE_PLATFORM_NAME)\"'","$(inherited)");
				GCC_SYMBOLS_PRIVATE_EXTERN = NO;
				INSTALL_PATH = "";
				ONLY_ACTIVE_ARCH = NO;
				OTHER_LDFLAGS = ("","$(inherited)");
				OTHER_REZFLAGS = "";
				PRODUCT_NAME = ALL_BUILD;
				SECTORDER_FLAGS = "";
				USE_HEADERMAP = NO;
				WARNING_CFLAGS = ("$(inherited)");
			};
			name = MinSizeRel;
		};
		416B6FE88DF84E24BBF4DB2B /* Debug */ = {
			isa = XCBuildConfiguration;
			buildSettings = {
				ALWAYS_SEARCH_USER_PATHS = NO;
				ARCHS = arm64;
				COMBINE_HIDPI_IMAGES = YES;
				GCC_GENERATE_DEBUGGING_SYMBOLS = YES;
				GCC_INLINES_ARE_PRIVATE_EXTERN = NO;
				GCC_OPTIMIZATION_LEVEL = 0;
				GCC_PREPROCESSOR_DEFINITIONS = ("'CMAKE_INTDIR=\"$(CONFIGURATION)$(EFFECTIVE_PLATFORM_NAME)\"'","$(inherited)");
				GCC_SYMBOLS_PRIVATE_EXTERN = NO;
				INSTALL_PATH = "";
				ONLY_ACTIVE_ARCH = NO;
				OTHER_LDFLAGS = ("","$(inherited)");
				OTHER_REZFLAGS = "";
				PRODUCT_NAME = ZERO_CHECK;
				SECTORDER_FLAGS = "";
				USE_HEADERMAP = NO;
				WARNING_CFLAGS = ("$(inherited)");
			};
			name = Debug;
		};
		442E5A2C7216437D913FDB7E /* RelWithDebInfo */ = {
			isa = XCBuildConfiguration;
			buildSettings = {
				ALWAYS_SEARCH_USER_PATHS = NO;
				ARCHS = arm64;
				COMBINE_HIDPI_IMAGES = YES;
				GCC_GENERATE_DEBUGGING_SYMBOLS = YES;
				GCC_INLINES_ARE_PRIVATE_EXTERN = NO;
				GCC_OPTIMIZATION_LEVEL = 0;
				GCC_PREPROCESSOR_DEFINITIONS = ("'CMAKE_INTDIR=\"$(CONFIGURATION)$(EFFECTIVE_PLATFORM_NAME)\"'","$(inherited)");
				GCC_SYMBOLS_PRIVATE_EXTERN = NO;
				INSTALL_PATH = "";
				ONLY_ACTIVE_ARCH = NO;
				OTHER_LDFLAGS = ("","$(inherited)");
				OTHER_REZFLAGS = "";
				PRODUCT_NAME = ZERO_CHECK;
				SECTORDER_FLAGS = "";
				USE_HEADERMAP = NO;
				WARNING_CFLAGS = ("$(inherited)");
			};
			name = RelWithDebInfo;
		};
		4470682EBE1647809375A145 /* Release */ = {
			isa = XCBuildConfiguration;
			buildSettings = {
				ALWAYS_SEARCH_USER_PATHS = NO;
				ARCHS = arm64;
				COMBINE_HIDPI_IMAGES = YES;
				GCC_GENERATE_DEBUGGING_SYMBOLS = YES;
				GCC_INLINES_ARE_PRIVATE_EXTERN = NO;
				GCC_OPTIMIZATION_LEVEL = 0;
				GCC_PREPROCESSOR_DEFINITIONS = ("'CMAKE_INTDIR=\"$(CONFIGURATION)$(EFFECTIVE_PLATFORM_NAME)\"'","$(inherited)");
				GCC_SYMBOLS_PRIVATE_EXTERN = NO;
				INSTALL_PATH = "";
				ONLY_ACTIVE_ARCH = NO;
				OTHER_LDFLAGS = ("","$(inherited)");
				OTHER_REZFLAGS = "";
				PRODUCT_NAME = install;
				SECTORDER_FLAGS = "";
				USE_HEADERMAP = NO;
				WARNING_CFLAGS = ("$(inherited)");
			};
			name = Release;
		};
		4BBDD6D7516643D48A20EFAB /* MinSizeRel */ = {
			isa = XCBuildConfiguration;
			buildSettings = {
				ARCHS = arm64;
				MACOSX_DEPLOYMENT_TARGET = 14.5;
				SDKROOT = /Applications/Xcode.app/Contents/Developer/Platforms/MacOSX.platform/Developer/SDKs/MacOSX15.2.sdk;
				SWIFT_COMPILATION_MODE = wholemodule;
				SYMROOT = /Users/wuming/code/orm_playground/xcode_build/build;
			};
			name = MinSizeRel;
		};
		5E6DBAB7B51D4C469C95DA15 /* Debug */ = {
			isa = XCBuildConfiguration;
			buildSettings = {
				ALWAYS_SEARCH_USER_PATHS = NO;
				ARCHS = arm64;
				COMBINE_HIDPI_IMAGES = YES;
				CONFIGURATION_BUILD_DIR = /Users/wuming/code/orm_playground/xcode_build/thirdparties/sqlite3/Debug;
				EXECUTABLE_PREFIX = lib;
				EXECUTABLE_SUFFIX = .a;
				GCC_GENERATE_DEBUGGING_SYMBOLS = YES;
				GCC_INLINES_ARE_PRIVATE_EXTERN = NO;
				GCC_OPTIMIZATION_LEVEL = 0;
				GCC_PREPROCESSOR_DEFINITIONS = ("'CMAKE_INTDIR=\"$(CONFIGURATION)$(EFFECTIVE_PLATFORM_NAME)\"'",SQLITE_ENABLE_MATH_FUNCTIONS,SQLITE_OMIT_DECLTYPE,"'SQLITE_DEFAULT_MEMSTATUS=0'","'SQLITE_DEFAULT_WAL_SYNCHRONOUS=1'","'SQLITE_DQS=0'",SQLITE_LIKE_DOESNT_MATCH_BLOBS,"'SQLITE_MAX_EXPR_DEPTH=0'",SQLITE_OMIT_DEPRECATED,SQLITE_OMIT_PROGRESS_CALLBACK,SQLITE_OMIT_SHARED_CACHE,SQLITE_USE_ALLOCA,"$(inherited)");
				GCC_SYMBOLS_PRIVATE_EXTERN = NO;
				INSTALL_PATH = "";
				LIBRARY_STYLE = STATIC;
				ONLY_ACTIVE_ARCH = NO;
				OTHER_CFLAGS = ("   ","$(inherited)");
				OTHER_LIBTOOLFLAGS = ("");
				OTHER_REZFLAGS = "";
				PRODUCT_NAME = sqlite3d;
				SECTORDER_FLAGS = "";
				TARGET_TEMP_DIR = "/Users/wuming/code/orm_playground/xcode_build/build/SQLite3.build/$(CONFIGURATION)$(EFFECTIVE_PLATFORM_NAME)";
				USE_HEADERMAP = NO;
				WARNING_CFLAGS = ("$(inherited)");
			};
			name = Debug;
		};
		672B27BE338540DC837AA24B /* MinSizeRel */ = {
			isa = XCBuildConfiguration;
			buildSettings = {
				ALWAYS_SEARCH_USER_PATHS = NO;
				ARCHS = arm64;
				COMBINE_HIDPI_IMAGES = YES;
				GCC_GENERATE_DEBUGGING_SYMBOLS = YES;
				GCC_INLINES_ARE_PRIVATE_EXTERN = NO;
				GCC_OPTIMIZATION_LEVEL = 0;
				GCC_PREPROCESSOR_DEFINITIONS = ("'CMAKE_INTDIR=\"$(CONFIGURATION)$(EFFECTIVE_PLATFORM_NAME)\"'","$(inherited)");
				GCC_SYMBOLS_PRIVATE_EXTERN = NO;
				INSTALL_PATH = "";
				ONLY_ACTIVE_ARCH = NO;
				OTHER_LDFLAGS = ("","$(inherited)");
				OTHER_REZFLAGS = "";
				PRODUCT_NAME = ZERO_CHECK;
				SECTORDER_FLAGS = "";
				USE_HEADERMAP = NO;
				WARNING_CFLAGS = ("$(inherited)");
			};
			name = MinSizeRel;
		};
		909BECA11CD94E2DB46E10D0 /* Release */ = {
			isa = XCBuildConfiguration;
			buildSettings = {
				ARCHS = arm64;
				MACOSX_DEPLOYMENT_TARGET = 14.5;
				SDKROOT = /Applications/Xcode.app/Contents/Developer/Platforms/MacOSX.platform/Developer/SDKs/MacOSX15.2.sdk;
				SWIFT_COMPILATION_MODE = wholemodule;
				SYMROOT = /Users/wuming/code/orm_playground/xcode_build/build;
			};
			name = Release;
		};
		A0C1F598DB2A4D29AE3C3E20 /* MinSizeRel */ = {
			isa = XCBuildConfiguration;
			buildSettings = {
				ALWAYS_SEARCH_USER_PATHS = NO;
				ARCHS = arm64;
				COMBINE_HIDPI_IMAGES = YES;
				CONFIGURATION_BUILD_DIR = /Users/wuming/code/orm_playground/xcode_build/thirdparties/sqlite3/MinSizeRel;
				EXECUTABLE_PREFIX = lib;
				EXECUTABLE_SUFFIX = .a;
				GCC_GENERATE_DEBUGGING_SYMBOLS = NO;
				GCC_INLINES_ARE_PRIVATE_EXTERN = NO;
				GCC_OPTIMIZATION_LEVEL = s;
				GCC_PREPROCESSOR_DEFINITIONS = ("'CMAKE_INTDIR=\"$(CONFIGURATION)$(EFFECTIVE_PLATFORM_NAME)\"'",SQLITE_ENABLE_MATH_FUNCTIONS,SQLITE_OMIT_DECLTYPE,"'SQLITE_DEFAULT_MEMSTATUS=0'","'SQLITE_DEFAULT_WAL_SYNCHRONOUS=1'","'SQLITE_DQS=0'",SQLITE_LIKE_DOESNT_MATCH_BLOBS,"'SQLITE_MAX_EXPR_DEPTH=0'",SQLITE_OMIT_DEPRECATED,SQLITE_OMIT_PROGRESS_CALLBACK,SQLITE_OMIT_SHARED_CACHE,SQLITE_USE_ALLOCA,"$(inherited)");
				GCC_SYMBOLS_PRIVATE_EXTERN = NO;
				INSTALL_PATH = "";
				LIBRARY_STYLE = STATIC;
				ONLY_ACTIVE_ARCH = NO;
				OTHER_CFLAGS = ("    -DNDEBUG ","$(inherited)");
				OTHER_LIBTOOLFLAGS = ("");
				OTHER_REZFLAGS = "";
				PRODUCT_NAME = sqlite3;
				SECTORDER_FLAGS = "";
				TARGET_TEMP_DIR = "/Users/wuming/code/orm_playground/xcode_build/build/SQLite3.build/$(CONFIGURATION)$(EFFECTIVE_PLATFORM_NAME)";
				USE_HEADERMAP = NO;
				WARNING_CFLAGS = ("$(inherited)");
			};
			name = MinSizeRel;
		};
		A462F90904CD4F149C43E77D /* MinSizeRel */ = {
			isa = XCBuildConfiguration;
			buildSettings = {
				ALWAYS_SEARCH_USER_PATHS = NO;
				ARCHS = arm64;
				COMBINE_HIDPI_IMAGES = YES;
				GCC_GENERATE_DEBUGGING_SYMBOLS = YES;
				GCC_INLINES_ARE_PRIVATE_EXTERN = NO;
				GCC_OPTIMIZATION_LEVEL = 0;
				GCC_PREPROCESSOR_DEFINITIONS = ("'CMAKE_INTDIR=\"$(CONFIGURATION)$(EFFECTIVE_PLATFORM_NAME)\"'","$(inherited)");
				GCC_SYMBOLS_PRIVATE_EXTERN = NO;
				INSTALL_PATH = "";
				ONLY_ACTIVE_ARCH = NO;
				OTHER_LDFLAGS = ("","$(inherited)");
				OTHER_REZFLAGS = "";
				PRODUCT_NAME = install;
				SECTORDER_FLAGS = "";
				USE_HEADERMAP = NO;
				WARNING_CFLAGS = ("$(inherited)");
			};
			name = MinSizeRel;
		};
		A499ED05DAE143BD893436CA /* Debug */ = {
			isa = XCBuildConfiguration;
			buildSettings = {
				ALWAYS_SEARCH_USER_PATHS = NO;
				ARCHS = arm64;
				COMBINE_HIDPI_IMAGES = YES;
				GCC_GENERATE_DEBUGGING_SYMBOLS = YES;
				GCC_INLINES_ARE_PRIVATE_EXTERN = NO;
				GCC_OPTIMIZATION_LEVEL = 0;
				GCC_PREPROCESSOR_DEFINITIONS = ("'CMAKE_INTDIR=\"$(CONFIGURATION)$(EFFECTIVE_PLATFORM_NAME)\"'","$(inherited)");
				GCC_SYMBOLS_PRIVATE_EXTERN = NO;
				INSTALL_PATH = "";
				ONLY_ACTIVE_ARCH = NO;
				OTHER_LDFLAGS = ("","$(inherited)");
				OTHER_REZFLAGS = "";
				PRODUCT_NAME = ALL_BUILD;
				SECTORDER_FLAGS = "";
				USE_HEADERMAP = NO;
				WARNING_CFLAGS = ("$(inherited)");
			};
			name = Debug;
		};
		A599E2A0B3624226A9435AC0 /* Release */ = {
			isa = XCBuildConfiguration;
			buildSettings = {
				ALWAYS_SEARCH_USER_PATHS = NO;
				ARCHS = arm64;
				COMBINE_HIDPI_IMAGES = YES;
				GCC_GENERATE_DEBUGGING_SYMBOLS = YES;
				GCC_INLINES_ARE_PRIVATE_EXTERN = NO;
				GCC_OPTIMIZATION_LEVEL = 0;
				GCC_PREPROCESSOR_DEFINITIONS = ("'CMAKE_INTDIR=\"$(CONFIGURATION)$(EFFECTIVE_PLATFORM_NAME)\"'","$(inherited)");
				GCC_SYMBOLS_PRIVATE_EXTERN = NO;
				INSTALL_PATH = "";
				ONLY_ACTIVE_ARCH = NO;
				OTHER_LDFLAGS = ("","$(inherited)");
				OTHER_REZFLAGS = "";
				PRODUCT_NAME = ALL_BUILD;
				SECTORDER_FLAGS = "";
				USE_HEADERMAP = NO;
				WARNING_CFLAGS = ("$(inherited)");
			};
			name = Release;
		};
		A853A5927D264BDEB0387DE7 /* Release */ = {
			isa = XCBuildConfiguration;
			buildSettings = {
				ALWAYS_SEARCH_USER_PATHS = NO;
				ARCHS = arm64;
				COMBINE_HIDPI_IMAGES = YES;
				GCC_GENERATE_DEBUGGING_SYMBOLS = YES;
				GCC_INLINES_ARE_PRIVATE_EXTERN = NO;
				GCC_OPTIMIZATION_LEVEL = 0;
				GCC_PREPROCESSOR_DEFINITIONS = ("'CMAKE_INTDIR=\"$(CONFIGURATION)$(EFFECTIVE_PLATFORM_NAME)\"'","$(inherited)");
				GCC_SYMBOLS_PRIVATE_EXTERN = NO;
				INSTALL_PATH = "";
				ONLY_ACTIVE_ARCH = NO;
				OTHER_LDFLAGS = ("","$(inherited)");
				OTHER_REZFLAGS = "";
				PRODUCT_NAME = ZERO_CHECK;
				SECTORDER_FLAGS = "";
				USE_HEADERMAP = NO;
				WARNING_CFLAGS = ("$(inherited)");
			};
			name = Release;
		};
		AE4A32B3028B4743B479483E /* RelWithDebInfo */ = {
			isa = XCBuildConfiguration;
			buildSettings = {
				ARCHS = arm64;
				MACOSX_DEPLOYMENT_TARGET = 14.5;
				SDKROOT = /Applications/Xcode.app/Contents/Developer/Platforms/MacOSX.platform/Developer/SDKs/MacOSX15.2.sdk;
				SWIFT_COMPILATION_MODE = wholemodule;
				SYMROOT = /Users/wuming/code/orm_playground/xcode_build/build;
			};
			name = RelWithDebInfo;
		};
		BD3B1AB2912E4876A3A51191 /* RelWithDebInfo */ = {
			isa = XCBuildConfiguration;
			buildSettings = {
				ALWAYS_SEARCH_USER_PATHS = NO;
				ARCHS = arm64;
				COMBINE_HIDPI_IMAGES = YES;
				GCC_GENERATE_DEBUGGING_SYMBOLS = YES;
				GCC_INLINES_ARE_PRIVATE_EXTERN = NO;
				GCC_OPTIMIZATION_LEVEL = 0;
				GCC_PREPROCESSOR_DEFINITIONS = ("'CMAKE_INTDIR=\"$(CONFIGURATION)$(EFFECTIVE_PLATFORM_NAME)\"'","$(inherited)");
				GCC_SYMBOLS_PRIVATE_EXTERN = NO;
				INSTALL_PATH = "";
				ONLY_ACTIVE_ARCH = NO;
				OTHER_LDFLAGS = ("","$(inherited)");
				OTHER_REZFLAGS = "";
				PRODUCT_NAME = ALL_BUILD;
				SECTORDER_FLAGS = "";
				USE_HEADERMAP = NO;
				WARNING_CFLAGS = ("$(inherited)");
			};
			name = RelWithDebInfo;
		};
		CB5F346E53C74CC1A33BDFA6 /* RelWithDebInfo */ = {
			isa = XCBuildConfiguration;
			buildSettings = {
				ALWAYS_SEARCH_USER_PATHS = NO;
				ARCHS = arm64;
				COMBINE_HIDPI_IMAGES = YES;
				CONFIGURATION_BUILD_DIR = /Users/wuming/code/orm_playground/xcode_build/thirdparties/sqlite3/RelWithDebInfo;
				EXECUTABLE_PREFIX = lib;
				EXECUTABLE_SUFFIX = .a;
				GCC_GENERATE_DEBUGGING_SYMBOLS = YES;
				GCC_INLINES_ARE_PRIVATE_EXTERN = NO;
				GCC_OPTIMIZATION_LEVEL = 2;
				GCC_PREPROCESSOR_DEFINITIONS = ("'CMAKE_INTDIR=\"$(CONFIGURATION)$(EFFECTIVE_PLATFORM_NAME)\"'",SQLITE_ENABLE_MATH_FUNCTIONS,SQLITE_OMIT_DECLTYPE,"'SQLITE_DEFAULT_MEMSTATUS=0'","'SQLITE_DEFAULT_WAL_SYNCHRONOUS=1'","'SQLITE_DQS=0'",SQLITE_LIKE_DOESNT_MATCH_BLOBS,"'SQLITE_MAX_EXPR_DEPTH=0'",SQLITE_OMIT_DEPRECATED,SQLITE_OMIT_PROGRESS_CALLBACK,SQLITE_OMIT_SHARED_CACHE,SQLITE_USE_ALLOCA,"$(inherited)");
				GCC_SYMBOLS_PRIVATE_EXTERN = NO;
				INSTALL_PATH = "";
				LIBRARY_STYLE = STATIC;
				ONLY_ACTIVE_ARCH = NO;
				OTHER_CFLAGS = ("       -DNDEBUG ","$(inherited)");
				OTHER_LIBTOOLFLAGS = ("");
				OTHER_REZFLAGS = "";
				PRODUCT_NAME = sqlite3;
				SECTORDER_FLAGS = "";
				TARGET_TEMP_DIR = "/Users/wuming/code/orm_playground/xcode_build/build/SQLite3.build/$(CONFIGURATION)$(EFFECTIVE_PLATFORM_NAME)";
				USE_HEADERMAP = NO;
				WARNING_CFLAGS = ("$(inherited)");
			};
			name = RelWithDebInfo;
		};
		DB38E07C2E2F41299AD5A53A /* Debug */ = {
			isa = XCBuildConfiguration;
			buildSettings = {
				ALWAYS_SEARCH_USER_PATHS = NO;
				ARCHS = arm64;
				COMBINE_HIDPI_IMAGES = YES;
				GCC_GENERATE_DEBUGGING_SYMBOLS = YES;
				GCC_INLINES_ARE_PRIVATE_EXTERN = NO;
				GCC_OPTIMIZATION_LEVEL = 0;
				GCC_PREPROCESSOR_DEFINITIONS = ("'CMAKE_INTDIR=\"$(CONFIGURATION)$(EFFECTIVE_PLATFORM_NAME)\"'","$(inherited)");
				GCC_SYMBOLS_PRIVATE_EXTERN = NO;
				INSTALL_PATH = "";
				ONLY_ACTIVE_ARCH = NO;
				OTHER_LDFLAGS = ("","$(inherited)");
				OTHER_REZFLAGS = "";
				PRODUCT_NAME = install;
				SECTORDER_FLAGS = "";
				USE_HEADERMAP = NO;
				WARNING_CFLAGS = ("$(inherited)");
			};
			name = Debug;
		};
		F048C57B37B7464AB58AA776 /* Debug */ = {
			isa = XCBuildConfiguration;
			buildSettings = {
				ARCHS = arm64;
				MACOSX_DEPLOYMENT_TARGET = 14.5;
				SDKROOT = /Applications/Xcode.app/Contents/Developer/Platforms/MacOSX.platform/Developer/SDKs/MacOSX15.2.sdk;
				SYMROOT = /Users/wuming/code/orm_playground/xcode_build/build;
			};
			name = Debug;
		};
		FE6706C5258A4CA0AB0291EF /* Release */ = {
			isa = XCBuildConfiguration;
			buildSettings = {
				ALWAYS_SEARCH_USER_PATHS = NO;
				ARCHS = arm64;
				COMBINE_HIDPI_IMAGES = YES;
				CONFIGURATION_BUILD_DIR = /Users/wuming/code/orm_playground/xcode_build/thirdparties/sqlite3/Release;
				EXECUTABLE_PREFIX = lib;
				EXECUTABLE_SUFFIX = .a;
				GCC_GENERATE_DEBUGGING_SYMBOLS = NO;
				GCC_INLINES_ARE_PRIVATE_EXTERN = NO;
				GCC_OPTIMIZATION_LEVEL = 3;
				GCC_PREPROCESSOR_DEFINITIONS = ("'CMAKE_INTDIR=\"$(CONFIGURATION)$(EFFECTIVE_PLATFORM_NAME)\"'",SQLITE_ENABLE_MATH_FUNCTIONS,SQLITE_OMIT_DECLTYPE,"'SQLITE_DEFAULT_MEMSTATUS=0'","'SQLITE_DEFAULT_WAL_SYNCHRONOUS=1'","'SQLITE_DQS=0'",SQLITE_LIKE_DOESNT_MATCH_BLOBS,"'SQLITE_MAX_EXPR_DEPTH=0'",SQLITE_OMIT_DEPRECATED,SQLITE_OMIT_PROGRESS_CALLBACK,SQLITE_OMIT_SHARED_CACHE,SQLITE_USE_ALLOCA,"$(inherited)");
				GCC_SYMBOLS_PRIVATE_EXTERN = NO;
				INSTALL_PATH = "";
				LIBRARY_STYLE = STATIC;
				ONLY_ACTIVE_ARCH = NO;
				OTHER_CFLAGS = ("    -DNDEBUG ","$(inherited)");
				OTHER_LIBTOOLFLAGS = ("");
				OTHER_REZFLAGS = "";
				PRODUCT_NAME = sqlite3;
				SECTORDER_FLAGS = "";
				TARGET_TEMP_DIR = "/Users/wuming/code/orm_playground/xcode_build/build/SQLite3.build/$(CONFIGURATION)$(EFFECTIVE_PLATFORM_NAME)";
				USE_HEADERMAP = NO;
				WARNING_CFLAGS = ("$(inherited)");
			};
			name = Release;
		};
/* End XCBuildConfiguration section */

/* Begin XCConfigurationList section */
		641485DCD53C49739749EE09 /* Build configuration list for PBXAggregateTarget "ALL_BUILD" */ = {
			isa = XCConfigurationList;
			buildConfigurations = (
				A499ED05DAE143BD893436CA /* Debug */,
				A599E2A0B3624226A9435AC0 /* Release */,
				3078044B4D884F6F9849205E /* MinSizeRel */,
				BD3B1AB2912E4876A3A51191 /* RelWithDebInfo */,
			);
			defaultConfigurationIsVisible = 0;
			defaultConfigurationName = Debug;
		};
		779382ABA9B34A09BF434170 /* Build configuration list for PBXAggregateTarget "ZERO_CHECK" */ = {
			isa = XCConfigurationList;
			buildConfigurations = (
				416B6FE88DF84E24BBF4DB2B /* Debug */,
				A853A5927D264BDEB0387DE7 /* Release */,
				672B27BE338540DC837AA24B /* MinSizeRel */,
				442E5A2C7216437D913FDB7E /* RelWithDebInfo */,
			);
			defaultConfigurationIsVisible = 0;
			defaultConfigurationName = Debug;
		};
		7EC5EF3B51874095B1A7F40F /* Build configuration list for PBXAggregateTarget "install" */ = {
			isa = XCConfigurationList;
			buildConfigurations = (
				DB38E07C2E2F41299AD5A53A /* Debug */,
				4470682EBE1647809375A145 /* Release */,
				A462F90904CD4F149C43E77D /* MinSizeRel */,
				1316C08964314315A2143A1E /* RelWithDebInfo */,
			);
			defaultConfigurationIsVisible = 0;
			defaultConfigurationName = Debug;
		};
		7F550503CA7B415699C206AB /* Build configuration list for PBXProject "SQLite3" */ = {
			isa = XCConfigurationList;
			buildConfigurations = (
				F048C57B37B7464AB58AA776 /* Debug */,
				909BECA11CD94E2DB46E10D0 /* Release */,
				4BBDD6D7516643D48A20EFAB /* MinSizeRel */,
				AE4A32B3028B4743B479483E /* RelWithDebInfo */,
			);
			defaultConfigurationIsVisible = 0;
			defaultConfigurationName = Debug;
		};
		C4F222DA107642699A2DE926 /* Build configuration list for PBXNativeTarget "SQLite3" */ = {
			isa = XCConfigurationList;
			buildConfigurations = (
				5E6DBAB7B51D4C469C95DA15 /* Debug */,
				FE6706C5258A4CA0AB0291EF /* Release */,
				A0C1F598DB2A4D29AE3C3E20 /* MinSizeRel */,
				CB5F346E53C74CC1A33BDFA6 /* RelWithDebInfo */,
			);
			defaultConfigurationIsVisible = 0;
			defaultConfigurationName = Debug;
		};
/* End XCConfigurationList section */
	};
	rootObject = 904788EA5C9B43B582ADFFAE /* Project object */;
}
